{
  "pins" : [
    {
      "identity" : "sparkle",
      "kind" : "remoteSourceControl",
      "location" : "https://github.com/sparkle-project/Sparkle",
      "state" : {
        "revision" : "87e4fcbac39912f9cdb9a9acf205cad60e1ca3bc",
        "version" : "2.4.2"
      }
    }
  ],
  "version" : 2
}
