// !$*UTF8*$!
{
	archiveVersion = 1;
	classes = {
	};
	objectVersion = 54;
	objects = {

/* Begin PBXBuildFile section */
		F42460312A5A104F009108C2 /* Toggle.swift in Sources */ = {isa = PBXBuildFile; fileRef = F42460302A5A104F009108C2 /* Toggle.swift */; };
		F42460332A5A299B009108C2 /* GenericControl.swift in Sources */ = {isa = PBXBuildFile; fileRef = F42460322A5A299B009108C2 /* GenericControl.swift */; };
		F42460352A5A65A0009108C2 /* BrightnessView.swift in Sources */ = {isa = PBXBuildFile; fileRef = F42460342A5A65A0009108C2 /* BrightnessView.swift */; };
		F42460372A5A6697009108C2 /* ContrastView.swift in Sources */ = {isa = PBXBuildFile; fileRef = F42460362A5A6697009108C2 /* ContrastView.swift */; };
		F42460392A5A6706009108C2 /* SaturationView.swift in Sources */ = {isa = PBXBuildFile; fileRef = F42460382A5A6706009108C2 /* SaturationView.swift */; };
		F424603B2A5A673F009108C2 /* SharpnessView.swift in Sources */ = {isa = PBXBuildFile; fileRef = F424603A2A5A673F009108C2 /* SharpnessView.swift */; };
		F424603D2A5A678C009108C2 /* HueView.swift in Sources */ = {isa = PBXBuildFile; fileRef = F424603C2A5A678C009108C2 /* HueView.swift */; };
		F424603F2A5A6C14009108C2 /* PreviewSection.swift in Sources */ = {isa = PBXBuildFile; fileRef = F424603E2A5A6C14009108C2 /* PreviewSection.swift */; };
		F42460412A5A6C75009108C2 /* ApplicationSection.swift in Sources */ = {isa = PBXBuildFile; fileRef = F42460402A5A6C75009108C2 /* ApplicationSection.swift */; };
		F42460432A5A6CC0009108C2 /* CameraSection.swift in Sources */ = {isa = PBXBuildFile; fileRef = F42460422A5A6CC0009108C2 /* CameraSection.swift */; };
		F42460452A5A6D07009108C2 /* ReadWriteSection.swift in Sources */ = {isa = PBXBuildFile; fileRef = F42460442A5A6D07009108C2 /* ReadWriteSection.swift */; };
		F42460472A5A6D26009108C2 /* UpdatesSection.swift in Sources */ = {isa = PBXBuildFile; fileRef = F42460462A5A6D26009108C2 /* UpdatesSection.swift */; };
		F42460492A5A6D5E009108C2 /* QuitButton.swift in Sources */ = {isa = PBXBuildFile; fileRef = F42460482A5A6D5E009108C2 /* QuitButton.swift */; };
		F424604B2A5A77E6009108C2 /* ZoomView.swift in Sources */ = {isa = PBXBuildFile; fileRef = F424604A2A5A77E6009108C2 /* ZoomView.swift */; };
		F424604D2A5A7969009108C2 /* RollView.swift in Sources */ = {isa = PBXBuildFile; fileRef = F424604C2A5A7969009108C2 /* RollView.swift */; };
		F424604F2A5A79E6009108C2 /* PanTiltView.swift in Sources */ = {isa = PBXBuildFile; fileRef = F424604E2A5A79E6009108C2 /* PanTiltView.swift */; };
		F42D42D627A0E3D500107DFF /* StatusBarManager.swift in Sources */ = {isa = PBXBuildFile; fileRef = F42D42D527A0E3D500107DFF /* StatusBarManager.swift */; };
		F42D42D827A0E92100107DFF /* WindowManager.swift in Sources */ = {isa = PBXBuildFile; fileRef = F42D42D727A0E92100107DFF /* WindowManager.swift */; };
		F42D42DB27A0F0C600107DFF /* MoveApplication.swift in Sources */ = {isa = PBXBuildFile; fileRef = F42D42DA27A0F0C600107DFF /* MoveApplication.swift */; };
		F42D42DD27A0F0DC00107DFF /* Security.framework in Frameworks */ = {isa = PBXBuildFile; fileRef = F42D42DC27A0F0DB00107DFF /* Security.framework */; platformFilter = maccatalyst; };
		F42D42DF27A0F0EE00107DFF /* MoveApplication.strings in Resources */ = {isa = PBXBuildFile; fileRef = F42D42DE27A0F0EE00107DFF /* MoveApplication.strings */; };
		F42D42E227A0F68000107DFF /* NSNotificationName+Devices.swift in Sources */ = {isa = PBXBuildFile; fileRef = F42D42E127A0F68000107DFF /* NSNotificationName+Devices.swift */; };
		F44150732A882D760021ADB5 /* ProfileRow.swift in Sources */ = {isa = PBXBuildFile; fileRef = F44150722A882D760021ADB5 /* ProfileRow.swift */; };
		F4508AD22A43E477003C44F1 /* UVC.framework in Frameworks */ = {isa = PBXBuildFile; fileRef = F4508ACC2A43E477003C44F1 /* UVC.framework */; };
		F4508AD42A43E477003C44F1 /* UVC.framework in Embed Frameworks */ = {isa = PBXBuildFile; fileRef = F4508ACC2A43E477003C44F1 /* UVC.framework */; settings = {ATTRIBUTES = (CodeSignOnCopy, RemoveHeadersOnCopy, ); }; };
		F4508AD82A43E48A003C44F1 /* IOUSBConfigurationDescriptorPtr+UVC.swift in Sources */ = {isa = PBXBuildFile; fileRef = F47D081124C54BDD00E44A22 /* IOUSBConfigurationDescriptorPtr+UVC.swift */; };
		F4508AD92A43E48E003C44F1 /* UnsafeMutablePointer+interface.swift in Sources */ = {isa = PBXBuildFile; fileRef = F47D080F24C54B5C00E44A22 /* UnsafeMutablePointer+interface.swift */; };
		F4508ADA2A43E491003C44F1 /* io_service_t+Interface.swift in Sources */ = {isa = PBXBuildFile; fileRef = F47D080D24C54A2000E44A22 /* io_service_t+Interface.swift */; };
		F4508ADB2A43E494003C44F1 /* String+CameraInformation.swift in Sources */ = {isa = PBXBuildFile; fileRef = F47D080524C50DCE00E44A22 /* String+CameraInformation.swift */; };
		F4508ADC2A43E49A003C44F1 /* AVCaptureDevice+USB.swift in Sources */ = {isa = PBXBuildFile; fileRef = F47D080224C507F800E44A22 /* AVCaptureDevice+USB.swift */; };
		F4508ADD2A43E4A0003C44F1 /* UVCRequestCodes.swift in Sources */ = {isa = PBXBuildFile; fileRef = F47D07FD24C418F200E44A22 /* UVCRequestCodes.swift */; };
		F4508ADE2A43E4A3003C44F1 /* UVCProcessingUnit.swift in Sources */ = {isa = PBXBuildFile; fileRef = F47D07FB24C418B200E44A22 /* UVCProcessingUnit.swift */; };
		F4508ADF2A43E4A7003C44F1 /* UVCCameraTerminal.swift in Sources */ = {isa = PBXBuildFile; fileRef = F47D07F924C4186C00E44A22 /* UVCCameraTerminal.swift */; };
		F4508AE02A43E4AA003C44F1 /* UVCConstants.swift in Sources */ = {isa = PBXBuildFile; fileRef = F47D07F724C417B700E44A22 /* UVCConstants.swift */; };
		F4508AE12A43E4AF003C44F1 /* UVCBitmapControl.swift in Sources */ = {isa = PBXBuildFile; fileRef = F47D082224C692A600E44A22 /* UVCBitmapControl.swift */; };
		F4508AE22A43E4B3003C44F1 /* UVCBoolControl.swift in Sources */ = {isa = PBXBuildFile; fileRef = F47D082024C6924100E44A22 /* UVCBoolControl.swift */; };
		F4508AE32A43E4B6003C44F1 /* UVCMultipleIntControl.swift in Sources */ = {isa = PBXBuildFile; fileRef = F47D081E24C6919E00E44A22 /* UVCMultipleIntControl.swift */; };
		F4508AE42A43E4B9003C44F1 /* UVCIntControl.swift in Sources */ = {isa = PBXBuildFile; fileRef = F47D081C24C68F6000E44A22 /* UVCIntControl.swift */; };
		F4508AE52A43E4BE003C44F1 /* UVCControl.swift in Sources */ = {isa = PBXBuildFile; fileRef = F47D081A24C68CC200E44A22 /* UVCControl.swift */; };
		F4508AE62A43E4C1003C44F1 /* UVCErrors.swift in Sources */ = {isa = PBXBuildFile; fileRef = F4508AC52A43DE40003C44F1 /* UVCErrors.swift */; };
		F4508AE72A43E4C5003C44F1 /* UVCDeviceProperties.swift in Sources */ = {isa = PBXBuildFile; fileRef = F47D082424C6935600E44A22 /* UVCDeviceProperties.swift */; };
		F4508AE82A43E4C8003C44F1 /* UVCDevice.swift in Sources */ = {isa = PBXBuildFile; fileRef = F47D080024C5078200E44A22 /* UVCDevice.swift */; };
		F4508AE92A43E4CF003C44F1 /* UVCDescriptor.swift in Sources */ = {isa = PBXBuildFile; fileRef = F47D081424C551D400E44A22 /* UVCDescriptor.swift */; };
		F4508AEA2A43E4D3003C44F1 /* USBDevice.swift in Sources */ = {isa = PBXBuildFile; fileRef = F47D080B24C50F7B00E44A22 /* USBDevice.swift */; };
		F4508AEB2A43E4D7003C44F1 /* CameraInformation.swift in Sources */ = {isa = PBXBuildFile; fileRef = F47D080724C50DD700E44A22 /* CameraInformation.swift */; };
		F4508AF72A43F186003C44F1 /* LibConstants.swift in Sources */ = {isa = PBXBuildFile; fileRef = F4508AF62A43F186003C44F1 /* LibConstants.swift */; };
		F4508AFA2A43F2C0003C44F1 /* Typealiases.swift in Sources */ = {isa = PBXBuildFile; fileRef = F4508AF92A43F2C0003C44F1 /* Typealiases.swift */; };
		F454D4312A550C5A003F2872 /* SectionTitle.swift in Sources */ = {isa = PBXBuildFile; fileRef = F454D4302A550C5A003F2872 /* SectionTitle.swift */; };
		F454D4332A550CF8003F2872 /* AutoBadge.swift in Sources */ = {isa = PBXBuildFile; fileRef = F454D4322A550CF8003F2872 /* AutoBadge.swift */; };
		F45B7ABA24D545B3004C4420 /* DeviceMonitor.swift in Sources */ = {isa = PBXBuildFile; fileRef = F45B7AB924D545B3004C4420 /* DeviceMonitor.swift */; };
		F469CF4524DD0A3E0092C7F9 /* DeviceSettings.swift in Sources */ = {isa = PBXBuildFile; fileRef = F469CF4424DD0A3E0092C7F9 /* DeviceSettings.swift */; };
		F469CF4724DD0D9F0092C7F9 /* ProfileManager.swift in Sources */ = {isa = PBXBuildFile; fileRef = F469CF4624DD0D9F0092C7F9 /* ProfileManager.swift */; };
		F469CF4924DD0E310092C7F9 /* Profile.swift in Sources */ = {isa = PBXBuildFile; fileRef = F469CF4824DD0E310092C7F9 /* Profile.swift */; };
		F46C25752A4937ED00FF9100 /* VisualEffectView.swift in Sources */ = {isa = PBXBuildFile; fileRef = F46C25742A4937ED00FF9100 /* VisualEffectView.swift */; };
		F46C25782A49386D00FF9100 /* UnsupportedView.swift in Sources */ = {isa = PBXBuildFile; fileRef = F46C25772A49386D00FF9100 /* UnsupportedView.swift */; };
		F46C257B2A493FBD00FF9100 /* ProfilesView.swift in Sources */ = {isa = PBXBuildFile; fileRef = F46C257A2A493FBD00FF9100 /* ProfilesView.swift */; };
		F47D07C824C4104300E44A22 /* AppDelegate.swift in Sources */ = {isa = PBXBuildFile; fileRef = F47D07C724C4104300E44A22 /* AppDelegate.swift */; };
		F47D07CA24C4104300E44A22 /* ContentView.swift in Sources */ = {isa = PBXBuildFile; fileRef = F47D07C924C4104300E44A22 /* ContentView.swift */; };
		F47D07CF24C4104600E44A22 /* Assets.xcassets in Resources */ = {isa = PBXBuildFile; fileRef = F47D07CE24C4104600E44A22 /* Assets.xcassets */; };
		F47D07D224C4104600E44A22 /* Preview Assets.xcassets in Resources */ = {isa = PBXBuildFile; fileRef = F47D07D124C4104600E44A22 /* Preview Assets.xcassets */; };
		F47D07D524C4104600E44A22 /* Main.storyboard in Resources */ = {isa = PBXBuildFile; fileRef = F47D07D324C4104600E44A22 /* Main.storyboard */; };
		F47D07EF24C4123600E44A22 /* DeviceManager.swift in Sources */ = {isa = PBXBuildFile; fileRef = F47D07EE24C4123600E44A22 /* DeviceManager.swift */; };
		F47D07F224C4125B00E44A22 /* AVFoundation.framework in Frameworks */ = {isa = PBXBuildFile; fileRef = F47D07F124C4125B00E44A22 /* AVFoundation.framework */; };
		F47D07F424C412F800E44A22 /* DevicesManagerTests.swift in Sources */ = {isa = PBXBuildFile; fileRef = F47D07F324C412F800E44A22 /* DevicesManagerTests.swift */; };
		F47D080A24C50E1C00E44A22 /* StringTests.swift in Sources */ = {isa = PBXBuildFile; fileRef = F47D080924C50E1C00E44A22 /* StringTests.swift */; };
		F486353124CBA574003CE0BA /* NumberCaptureDeviceProperty.swift in Sources */ = {isa = PBXBuildFile; fileRef = F486353024CBA574003CE0BA /* NumberCaptureDeviceProperty.swift */; };
		F49FA8252A43BE5D0043E0E1 /* Sparkle in Frameworks */ = {isa = PBXBuildFile; productRef = F49FA8242A43BE5D0043E0E1 /* Sparkle */; };
		F4D1713E2A3D4C770039E353 /* TabSelectorView.swift in Sources */ = {isa = PBXBuildFile; fileRef = F4D1713D2A3D4C770039E353 /* TabSelectorView.swift */; };
		F4D171402A3E95410039E353 /* Constants.swift in Sources */ = {isa = PBXBuildFile; fileRef = F4D1713F2A3E95410039E353 /* Constants.swift */; };
		F4D171422A3E96C00039E353 /* Slider.swift in Sources */ = {isa = PBXBuildFile; fileRef = F4D171412A3E96C00039E353 /* Slider.swift */; };
		F4D171442A3EA6650039E353 /* StatefulPreviewWrapper.swift in Sources */ = {isa = PBXBuildFile; fileRef = F4D171432A3EA6650039E353 /* StatefulPreviewWrapper.swift */; };
		F4D171482A3EAD320039E353 /* SectionView.swift in Sources */ = {isa = PBXBuildFile; fileRef = F4D171472A3EAD320039E353 /* SectionView.swift */; };
		F4D1714A2A3EBC740039E353 /* PreviewSizeSettings.swift in Sources */ = {isa = PBXBuildFile; fileRef = F4D171492A3EBC740039E353 /* PreviewSizeSettings.swift */; };
		F4D4C6C924CBD26600581E05 /* BoolCaptureDeviceProperty.swift in Sources */ = {isa = PBXBuildFile; fileRef = F4D4C6C824CBD26600581E05 /* BoolCaptureDeviceProperty.swift */; };
		F4D4C6CB24CBD27600581E05 /* WhiteBalanceView.swift in Sources */ = {isa = PBXBuildFile; fileRef = F4D4C6CA24CBD27600581E05 /* WhiteBalanceView.swift */; };
		F4D4C6CE24CBD34300581E05 /* AdvancedView.swift in Sources */ = {isa = PBXBuildFile; fileRef = F4D4C6CD24CBD34300581E05 /* AdvancedView.swift */; };
		F4D4C6D024CBD3B000581E05 /* PowerLineView.swift in Sources */ = {isa = PBXBuildFile; fileRef = F4D4C6CF24CBD3B000581E05 /* PowerLineView.swift */; };
		F4D4C6D224CBD83100581E05 /* BacklightView.swift in Sources */ = {isa = PBXBuildFile; fileRef = F4D4C6D124CBD83100581E05 /* BacklightView.swift */; };
		F4D4C6D624CBD96B00581E05 /* MultipleCaptureDeviceProperty.swift in Sources */ = {isa = PBXBuildFile; fileRef = F4D4C6D524CBD96B00581E05 /* MultipleCaptureDeviceProperty.swift */; };
		F4D4C6D824CBDA5700581E05 /* FocusView.swift in Sources */ = {isa = PBXBuildFile; fileRef = F4D4C6D724CBDA5700581E05 /* FocusView.swift */; };
		F4D4C6DC24CBDBC600581E05 /* PreferencesView.swift in Sources */ = {isa = PBXBuildFile; fileRef = F4D4C6DB24CBDBC600581E05 /* PreferencesView.swift */; };
		F4D4C6E424CBE7A000581E05 /* AppDelegate.swift in Sources */ = {isa = PBXBuildFile; fileRef = F4D4C6E324CBE7A000581E05 /* AppDelegate.swift */; };
		F4D4C6E824CBE7A200581E05 /* Assets.xcassets in Resources */ = {isa = PBXBuildFile; fileRef = F4D4C6E724CBE7A200581E05 /* Assets.xcassets */; };
		F4D4C6EB24CBE7A200581E05 /* Preview Assets.xcassets in Resources */ = {isa = PBXBuildFile; fileRef = F4D4C6EA24CBE7A200581E05 /* Preview Assets.xcassets */; };
		F4D4C6EE24CBE7A200581E05 /* Main.storyboard in Resources */ = {isa = PBXBuildFile; fileRef = F4D4C6EC24CBE7A200581E05 /* Main.storyboard */; };
		F4D4C6F524CBE81600581E05 /* ServiceManagement.framework in Frameworks */ = {isa = PBXBuildFile; fileRef = F4D4C6F424CBE81600581E05 /* ServiceManagement.framework */; };
		F4D4C6FA24CBE83500581E05 /* Helper.app in CopyFiles */ = {isa = PBXBuildFile; fileRef = F4D4C6E124CBE7A000581E05 /* Helper.app */; settings = {ATTRIBUTES = (RemoveHeadersOnCopy, ); }; };
		F4D4C6FC24CBE94F00581E05 /* IOKit.framework in Frameworks */ = {isa = PBXBuildFile; fileRef = F4D4C6FB24CBE94F00581E05 /* IOKit.framework */; };
		F4D4C6FF24CBF98300581E05 /* RefreshSettingsRate.swift in Sources */ = {isa = PBXBuildFile; fileRef = F4D4C6FE24CBF98300581E05 /* RefreshSettingsRate.swift */; };
		F4D4C70124CBF99200581E05 /* UserSettings.swift in Sources */ = {isa = PBXBuildFile; fileRef = F4D4C70024CBF99200581E05 /* UserSettings.swift */; };
		F4E5261F24C7BD0B00125DF9 /* CameraPreview.swift in Sources */ = {isa = PBXBuildFile; fileRef = F4E5261E24C7BD0B00125DF9 /* CameraPreview.swift */; };
		F4E5262124C7BDD400125DF9 /* CameraPreviewInternal.swift in Sources */ = {isa = PBXBuildFile; fileRef = F4E5262024C7BDD400125DF9 /* CameraPreviewInternal.swift */; };
		F4E5262524C7C2E100125DF9 /* SettingsView.swift in Sources */ = {isa = PBXBuildFile; fileRef = F4E5262424C7C2E100125DF9 /* SettingsView.swift */; };
		F4E5262724C7D88800125DF9 /* BasicSettings.swift in Sources */ = {isa = PBXBuildFile; fileRef = F4E5262624C7D88800125DF9 /* BasicSettings.swift */; };
		F4E5262B24C7D97B00125DF9 /* ExposureView.swift in Sources */ = {isa = PBXBuildFile; fileRef = F4E5262A24C7D97B00125DF9 /* ExposureView.swift */; };
		F4E5262D24C7DDB000125DF9 /* CaptureDevice.swift in Sources */ = {isa = PBXBuildFile; fileRef = F4E5262C24C7DDB000125DF9 /* CaptureDevice.swift */; };
		F4E5263024C7E0BC00125DF9 /* BitmapCaptureDeviceProperty.swift in Sources */ = {isa = PBXBuildFile; fileRef = F4E5262F24C7E0BC00125DF9 /* BitmapCaptureDeviceProperty.swift */; };
		F4E5263224C93A3400125DF9 /* DeviceController.swift in Sources */ = {isa = PBXBuildFile; fileRef = F4E5263124C93A3400125DF9 /* DeviceController.swift */; };
/* End PBXBuildFile section */

/* Begin PBXContainerItemProxy section */
		F4508AD02A43E477003C44F1 /* PBXContainerItemProxy */ = {
			isa = PBXContainerItemProxy;
			containerPortal = F47D07BC24C4104300E44A22 /* Project object */;
			proxyType = 1;
			remoteGlobalIDString = F4508ACB2A43E477003C44F1;
			remoteInfo = UVC;
		};
		F47D07DD24C4104600E44A22 /* PBXContainerItemProxy */ = {
			isa = PBXContainerItemProxy;
			containerPortal = F47D07BC24C4104300E44A22 /* Project object */;
			proxyType = 1;
			remoteGlobalIDString = F47D07C324C4104300E44A22;
			remoteInfo = CameraController;
		};
		F4D4C6F724CBE81900581E05 /* PBXContainerItemProxy */ = {
			isa = PBXContainerItemProxy;
			containerPortal = F47D07BC24C4104300E44A22 /* Project object */;
			proxyType = 1;
			remoteGlobalIDString = F4D4C6E024CBE7A000581E05;
			remoteInfo = Helper;
		};
/* End PBXContainerItemProxy section */

/* Begin PBXCopyFilesBuildPhase section */
		F4508AD32A43E477003C44F1 /* Embed Frameworks */ = {
			isa = PBXCopyFilesBuildPhase;
			buildActionMask = 2147483647;
			dstPath = "";
			dstSubfolderSpec = 10;
			files = (
				F4508AD42A43E477003C44F1 /* UVC.framework in Embed Frameworks */,
			);
			name = "Embed Frameworks";
			runOnlyForDeploymentPostprocessing = 0;
		};
		F4D4C6F924CBE82D00581E05 /* CopyFiles */ = {
			isa = PBXCopyFilesBuildPhase;
			buildActionMask = 2147483647;
			dstPath = Contents/Library/LoginItems;
			dstSubfolderSpec = 1;
			files = (
				F4D4C6FA24CBE83500581E05 /* Helper.app in CopyFiles */,
			);
			runOnlyForDeploymentPostprocessing = 0;
		};
/* End PBXCopyFilesBuildPhase section */

/* Begin PBXFileReference section */
		F42460302A5A104F009108C2 /* Toggle.swift */ = {isa = PBXFileReference; lastKnownFileType = sourcecode.swift; path = Toggle.swift; sourceTree = "<group>"; };
		F42460322A5A299B009108C2 /* GenericControl.swift */ = {isa = PBXFileReference; lastKnownFileType = sourcecode.swift; path = GenericControl.swift; sourceTree = "<group>"; };
		F42460342A5A65A0009108C2 /* BrightnessView.swift */ = {isa = PBXFileReference; lastKnownFileType = sourcecode.swift; path = BrightnessView.swift; sourceTree = "<group>"; };
		F42460362A5A6697009108C2 /* ContrastView.swift */ = {isa = PBXFileReference; lastKnownFileType = sourcecode.swift; path = ContrastView.swift; sourceTree = "<group>"; };
		F42460382A5A6706009108C2 /* SaturationView.swift */ = {isa = PBXFileReference; lastKnownFileType = sourcecode.swift; path = SaturationView.swift; sourceTree = "<group>"; };
		F424603A2A5A673F009108C2 /* SharpnessView.swift */ = {isa = PBXFileReference; lastKnownFileType = sourcecode.swift; path = SharpnessView.swift; sourceTree = "<group>"; };
		F424603C2A5A678C009108C2 /* HueView.swift */ = {isa = PBXFileReference; lastKnownFileType = sourcecode.swift; path = HueView.swift; sourceTree = "<group>"; };
		F424603E2A5A6C14009108C2 /* PreviewSection.swift */ = {isa = PBXFileReference; lastKnownFileType = sourcecode.swift; path = PreviewSection.swift; sourceTree = "<group>"; };
		F42460402A5A6C75009108C2 /* ApplicationSection.swift */ = {isa = PBXFileReference; lastKnownFileType = sourcecode.swift; path = ApplicationSection.swift; sourceTree = "<group>"; };
		F42460422A5A6CC0009108C2 /* CameraSection.swift */ = {isa = PBXFileReference; lastKnownFileType = sourcecode.swift; path = CameraSection.swift; sourceTree = "<group>"; };
		F42460442A5A6D07009108C2 /* ReadWriteSection.swift */ = {isa = PBXFileReference; lastKnownFileType = sourcecode.swift; path = ReadWriteSection.swift; sourceTree = "<group>"; };
		F42460462A5A6D26009108C2 /* UpdatesSection.swift */ = {isa = PBXFileReference; lastKnownFileType = sourcecode.swift; path = UpdatesSection.swift; sourceTree = "<group>"; };
		F42460482A5A6D5E009108C2 /* QuitButton.swift */ = {isa = PBXFileReference; lastKnownFileType = sourcecode.swift; path = QuitButton.swift; sourceTree = "<group>"; };
		F424604A2A5A77E6009108C2 /* ZoomView.swift */ = {isa = PBXFileReference; lastKnownFileType = sourcecode.swift; path = ZoomView.swift; sourceTree = "<group>"; };
		F424604C2A5A7969009108C2 /* RollView.swift */ = {isa = PBXFileReference; lastKnownFileType = sourcecode.swift; path = RollView.swift; sourceTree = "<group>"; };
		F424604E2A5A79E6009108C2 /* PanTiltView.swift */ = {isa = PBXFileReference; lastKnownFileType = sourcecode.swift; path = PanTiltView.swift; sourceTree = "<group>"; };
		F42D42D527A0E3D500107DFF /* StatusBarManager.swift */ = {isa = PBXFileReference; lastKnownFileType = sourcecode.swift; path = StatusBarManager.swift; sourceTree = "<group>"; };
		F42D42D727A0E92100107DFF /* WindowManager.swift */ = {isa = PBXFileReference; lastKnownFileType = sourcecode.swift; path = WindowManager.swift; sourceTree = "<group>"; };
		F42D42DA27A0F0C600107DFF /* MoveApplication.swift */ = {isa = PBXFileReference; lastKnownFileType = sourcecode.swift; path = MoveApplication.swift; sourceTree = "<group>"; };
		F42D42DC27A0F0DB00107DFF /* Security.framework */ = {isa = PBXFileReference; lastKnownFileType = wrapper.framework; name = Security.framework; path = System/Library/Frameworks/Security.framework; sourceTree = SDKROOT; };
		F42D42DE27A0F0EE00107DFF /* MoveApplication.strings */ = {isa = PBXFileReference; lastKnownFileType = text.plist.strings; path = MoveApplication.strings; sourceTree = "<group>"; };
		F42D42E127A0F68000107DFF /* NSNotificationName+Devices.swift */ = {isa = PBXFileReference; lastKnownFileType = sourcecode.swift; path = "NSNotificationName+Devices.swift"; sourceTree = "<group>"; };
		F44150722A882D760021ADB5 /* ProfileRow.swift */ = {isa = PBXFileReference; lastKnownFileType = sourcecode.swift; path = ProfileRow.swift; sourceTree = "<group>"; };
		F4508AC52A43DE40003C44F1 /* UVCErrors.swift */ = {isa = PBXFileReference; lastKnownFileType = sourcecode.swift; path = UVCErrors.swift; sourceTree = "<group>"; };
		F4508ACC2A43E477003C44F1 /* UVC.framework */ = {isa = PBXFileReference; explicitFileType = wrapper.framework; includeInIndex = 0; path = UVC.framework; sourceTree = BUILT_PRODUCTS_DIR; };
		F4508AF62A43F186003C44F1 /* LibConstants.swift */ = {isa = PBXFileReference; lastKnownFileType = sourcecode.swift; path = LibConstants.swift; sourceTree = "<group>"; };
		F4508AF92A43F2C0003C44F1 /* Typealiases.swift */ = {isa = PBXFileReference; lastKnownFileType = sourcecode.swift; path = Typealiases.swift; sourceTree = "<group>"; };
		F454D4302A550C5A003F2872 /* SectionTitle.swift */ = {isa = PBXFileReference; lastKnownFileType = sourcecode.swift; path = SectionTitle.swift; sourceTree = "<group>"; };
		F454D4322A550CF8003F2872 /* AutoBadge.swift */ = {isa = PBXFileReference; lastKnownFileType = sourcecode.swift; path = AutoBadge.swift; sourceTree = "<group>"; };
		F45B7AB924D545B3004C4420 /* DeviceMonitor.swift */ = {isa = PBXFileReference; lastKnownFileType = sourcecode.swift; path = DeviceMonitor.swift; sourceTree = "<group>"; };
		F469CF4424DD0A3E0092C7F9 /* DeviceSettings.swift */ = {isa = PBXFileReference; lastKnownFileType = sourcecode.swift; path = DeviceSettings.swift; sourceTree = "<group>"; };
		F469CF4624DD0D9F0092C7F9 /* ProfileManager.swift */ = {isa = PBXFileReference; lastKnownFileType = sourcecode.swift; path = ProfileManager.swift; sourceTree = "<group>"; };
		F469CF4824DD0E310092C7F9 /* Profile.swift */ = {isa = PBXFileReference; lastKnownFileType = sourcecode.swift; path = Profile.swift; sourceTree = "<group>"; };
		F46C25742A4937ED00FF9100 /* VisualEffectView.swift */ = {isa = PBXFileReference; lastKnownFileType = sourcecode.swift; path = VisualEffectView.swift; sourceTree = "<group>"; };
		F46C25772A49386D00FF9100 /* UnsupportedView.swift */ = {isa = PBXFileReference; lastKnownFileType = sourcecode.swift; path = UnsupportedView.swift; sourceTree = "<group>"; };
		F46C257A2A493FBD00FF9100 /* ProfilesView.swift */ = {isa = PBXFileReference; lastKnownFileType = sourcecode.swift; path = ProfilesView.swift; sourceTree = "<group>"; };
		F47D07C424C4104300E44A22 /* CameraController.app */ = {isa = PBXFileReference; explicitFileType = wrapper.application; includeInIndex = 0; path = CameraController.app; sourceTree = BUILT_PRODUCTS_DIR; };
		F47D07C724C4104300E44A22 /* AppDelegate.swift */ = {isa = PBXFileReference; lastKnownFileType = sourcecode.swift; path = AppDelegate.swift; sourceTree = "<group>"; };
		F47D07C924C4104300E44A22 /* ContentView.swift */ = {isa = PBXFileReference; lastKnownFileType = sourcecode.swift; path = ContentView.swift; sourceTree = "<group>"; };
		F47D07CE24C4104600E44A22 /* Assets.xcassets */ = {isa = PBXFileReference; lastKnownFileType = folder.assetcatalog; path = Assets.xcassets; sourceTree = "<group>"; };
		F47D07D124C4104600E44A22 /* Preview Assets.xcassets */ = {isa = PBXFileReference; lastKnownFileType = folder.assetcatalog; path = "Preview Assets.xcassets"; sourceTree = "<group>"; };
		F47D07D424C4104600E44A22 /* Base */ = {isa = PBXFileReference; lastKnownFileType = file.storyboard; name = Base; path = Base.lproj/Main.storyboard; sourceTree = "<group>"; };
		F47D07D624C4104600E44A22 /* Info.plist */ = {isa = PBXFileReference; lastKnownFileType = text.plist.xml; path = Info.plist; sourceTree = "<group>"; };
		F47D07D724C4104600E44A22 /* CameraController.entitlements */ = {isa = PBXFileReference; lastKnownFileType = text.plist.entitlements; path = CameraController.entitlements; sourceTree = "<group>"; };
		F47D07DC24C4104600E44A22 /* CameraControllerTests.xctest */ = {isa = PBXFileReference; explicitFileType = wrapper.cfbundle; includeInIndex = 0; path = CameraControllerTests.xctest; sourceTree = BUILT_PRODUCTS_DIR; };
		F47D07E224C4104600E44A22 /* Info.plist */ = {isa = PBXFileReference; lastKnownFileType = text.plist.xml; path = Info.plist; sourceTree = "<group>"; };
		F47D07EE24C4123600E44A22 /* DeviceManager.swift */ = {isa = PBXFileReference; lastKnownFileType = sourcecode.swift; path = DeviceManager.swift; sourceTree = "<group>"; };
		F47D07F124C4125B00E44A22 /* AVFoundation.framework */ = {isa = PBXFileReference; lastKnownFileType = wrapper.framework; name = AVFoundation.framework; path = System/Library/Frameworks/AVFoundation.framework; sourceTree = SDKROOT; };
		F47D07F324C412F800E44A22 /* DevicesManagerTests.swift */ = {isa = PBXFileReference; lastKnownFileType = sourcecode.swift; path = DevicesManagerTests.swift; sourceTree = "<group>"; };
		F47D07F724C417B700E44A22 /* UVCConstants.swift */ = {isa = PBXFileReference; lastKnownFileType = sourcecode.swift; path = UVCConstants.swift; sourceTree = "<group>"; };
		F47D07F924C4186C00E44A22 /* UVCCameraTerminal.swift */ = {isa = PBXFileReference; lastKnownFileType = sourcecode.swift; path = UVCCameraTerminal.swift; sourceTree = "<group>"; };
		F47D07FB24C418B200E44A22 /* UVCProcessingUnit.swift */ = {isa = PBXFileReference; lastKnownFileType = sourcecode.swift; path = UVCProcessingUnit.swift; sourceTree = "<group>"; };
		F47D07FD24C418F200E44A22 /* UVCRequestCodes.swift */ = {isa = PBXFileReference; lastKnownFileType = sourcecode.swift; path = UVCRequestCodes.swift; sourceTree = "<group>"; };
		F47D080024C5078200E44A22 /* UVCDevice.swift */ = {isa = PBXFileReference; lastKnownFileType = sourcecode.swift; path = UVCDevice.swift; sourceTree = "<group>"; };
		F47D080224C507F800E44A22 /* AVCaptureDevice+USB.swift */ = {isa = PBXFileReference; lastKnownFileType = sourcecode.swift; path = "AVCaptureDevice+USB.swift"; sourceTree = "<group>"; };
		F47D080524C50DCE00E44A22 /* String+CameraInformation.swift */ = {isa = PBXFileReference; lastKnownFileType = sourcecode.swift; path = "String+CameraInformation.swift"; sourceTree = "<group>"; };
		F47D080724C50DD700E44A22 /* CameraInformation.swift */ = {isa = PBXFileReference; lastKnownFileType = sourcecode.swift; path = CameraInformation.swift; sourceTree = "<group>"; };
		F47D080924C50E1C00E44A22 /* StringTests.swift */ = {isa = PBXFileReference; lastKnownFileType = sourcecode.swift; path = StringTests.swift; sourceTree = "<group>"; };
		F47D080B24C50F7B00E44A22 /* USBDevice.swift */ = {isa = PBXFileReference; lastKnownFileType = sourcecode.swift; path = USBDevice.swift; sourceTree = "<group>"; };
		F47D080D24C54A2000E44A22 /* io_service_t+Interface.swift */ = {isa = PBXFileReference; lastKnownFileType = sourcecode.swift; path = "io_service_t+Interface.swift"; sourceTree = "<group>"; };
		F47D080F24C54B5C00E44A22 /* UnsafeMutablePointer+interface.swift */ = {isa = PBXFileReference; lastKnownFileType = sourcecode.swift; path = "UnsafeMutablePointer+interface.swift"; sourceTree = "<group>"; };
		F47D081124C54BDD00E44A22 /* IOUSBConfigurationDescriptorPtr+UVC.swift */ = {isa = PBXFileReference; lastKnownFileType = sourcecode.swift; path = "IOUSBConfigurationDescriptorPtr+UVC.swift"; sourceTree = "<group>"; };
		F47D081324C54C1E00E44A22 /* USBHeaders.h */ = {isa = PBXFileReference; lastKnownFileType = sourcecode.c.h; path = USBHeaders.h; sourceTree = "<group>"; };
		F47D081424C551D400E44A22 /* UVCDescriptor.swift */ = {isa = PBXFileReference; lastKnownFileType = sourcecode.swift; path = UVCDescriptor.swift; sourceTree = "<group>"; };
		F47D081A24C68CC200E44A22 /* UVCControl.swift */ = {isa = PBXFileReference; lastKnownFileType = sourcecode.swift; path = UVCControl.swift; sourceTree = "<group>"; };
		F47D081C24C68F6000E44A22 /* UVCIntControl.swift */ = {isa = PBXFileReference; lastKnownFileType = sourcecode.swift; path = UVCIntControl.swift; sourceTree = "<group>"; };
		F47D081E24C6919E00E44A22 /* UVCMultipleIntControl.swift */ = {isa = PBXFileReference; lastKnownFileType = sourcecode.swift; path = UVCMultipleIntControl.swift; sourceTree = "<group>"; };
		F47D082024C6924100E44A22 /* UVCBoolControl.swift */ = {isa = PBXFileReference; lastKnownFileType = sourcecode.swift; path = UVCBoolControl.swift; sourceTree = "<group>"; };
		F47D082224C692A600E44A22 /* UVCBitmapControl.swift */ = {isa = PBXFileReference; lastKnownFileType = sourcecode.swift; path = UVCBitmapControl.swift; sourceTree = "<group>"; };
		F47D082424C6935600E44A22 /* UVCDeviceProperties.swift */ = {isa = PBXFileReference; lastKnownFileType = sourcecode.swift; path = UVCDeviceProperties.swift; sourceTree = "<group>"; };
		F486353024CBA574003CE0BA /* NumberCaptureDeviceProperty.swift */ = {isa = PBXFileReference; lastKnownFileType = sourcecode.swift; path = NumberCaptureDeviceProperty.swift; sourceTree = "<group>"; };
		F4D1713D2A3D4C770039E353 /* TabSelectorView.swift */ = {isa = PBXFileReference; lastKnownFileType = sourcecode.swift; path = TabSelectorView.swift; sourceTree = "<group>"; };
		F4D1713F2A3E95410039E353 /* Constants.swift */ = {isa = PBXFileReference; lastKnownFileType = sourcecode.swift; path = Constants.swift; sourceTree = "<group>"; };
		F4D171412A3E96C00039E353 /* Slider.swift */ = {isa = PBXFileReference; lastKnownFileType = sourcecode.swift; path = Slider.swift; sourceTree = "<group>"; };
		F4D171432A3EA6650039E353 /* StatefulPreviewWrapper.swift */ = {isa = PBXFileReference; lastKnownFileType = sourcecode.swift; path = StatefulPreviewWrapper.swift; sourceTree = "<group>"; };
		F4D171472A3EAD320039E353 /* SectionView.swift */ = {isa = PBXFileReference; lastKnownFileType = sourcecode.swift; path = SectionView.swift; sourceTree = "<group>"; };
		F4D171492A3EBC740039E353 /* PreviewSizeSettings.swift */ = {isa = PBXFileReference; lastKnownFileType = sourcecode.swift; path = PreviewSizeSettings.swift; sourceTree = "<group>"; };
		F4D4C6C824CBD26600581E05 /* BoolCaptureDeviceProperty.swift */ = {isa = PBXFileReference; lastKnownFileType = sourcecode.swift; path = BoolCaptureDeviceProperty.swift; sourceTree = "<group>"; };
		F4D4C6CA24CBD27600581E05 /* WhiteBalanceView.swift */ = {isa = PBXFileReference; lastKnownFileType = sourcecode.swift; path = WhiteBalanceView.swift; sourceTree = "<group>"; };
		F4D4C6CD24CBD34300581E05 /* AdvancedView.swift */ = {isa = PBXFileReference; lastKnownFileType = sourcecode.swift; path = AdvancedView.swift; sourceTree = "<group>"; };
		F4D4C6CF24CBD3B000581E05 /* PowerLineView.swift */ = {isa = PBXFileReference; lastKnownFileType = sourcecode.swift; path = PowerLineView.swift; sourceTree = "<group>"; };
		F4D4C6D124CBD83100581E05 /* BacklightView.swift */ = {isa = PBXFileReference; lastKnownFileType = sourcecode.swift; path = BacklightView.swift; sourceTree = "<group>"; };
		F4D4C6D524CBD96B00581E05 /* MultipleCaptureDeviceProperty.swift */ = {isa = PBXFileReference; lastKnownFileType = sourcecode.swift; path = MultipleCaptureDeviceProperty.swift; sourceTree = "<group>"; };
		F4D4C6D724CBDA5700581E05 /* FocusView.swift */ = {isa = PBXFileReference; lastKnownFileType = sourcecode.swift; path = FocusView.swift; sourceTree = "<group>"; };
		F4D4C6DB24CBDBC600581E05 /* PreferencesView.swift */ = {isa = PBXFileReference; lastKnownFileType = sourcecode.swift; path = PreferencesView.swift; sourceTree = "<group>"; };
		F4D4C6E124CBE7A000581E05 /* Helper.app */ = {isa = PBXFileReference; explicitFileType = wrapper.application; includeInIndex = 0; path = Helper.app; sourceTree = BUILT_PRODUCTS_DIR; };
		F4D4C6E324CBE7A000581E05 /* AppDelegate.swift */ = {isa = PBXFileReference; lastKnownFileType = sourcecode.swift; path = AppDelegate.swift; sourceTree = "<group>"; };
		F4D4C6E724CBE7A200581E05 /* Assets.xcassets */ = {isa = PBXFileReference; lastKnownFileType = folder.assetcatalog; path = Assets.xcassets; sourceTree = "<group>"; };
		F4D4C6EA24CBE7A200581E05 /* Preview Assets.xcassets */ = {isa = PBXFileReference; lastKnownFileType = folder.assetcatalog; path = "Preview Assets.xcassets"; sourceTree = "<group>"; };
		F4D4C6ED24CBE7A200581E05 /* Base */ = {isa = PBXFileReference; lastKnownFileType = file.storyboard; name = Base; path = Base.lproj/Main.storyboard; sourceTree = "<group>"; };
		F4D4C6EF24CBE7A200581E05 /* Info.plist */ = {isa = PBXFileReference; lastKnownFileType = text.plist.xml; path = Info.plist; sourceTree = "<group>"; };
		F4D4C6F024CBE7A200581E05 /* Helper.entitlements */ = {isa = PBXFileReference; lastKnownFileType = text.plist.entitlements; path = Helper.entitlements; sourceTree = "<group>"; };
		F4D4C6F424CBE81600581E05 /* ServiceManagement.framework */ = {isa = PBXFileReference; lastKnownFileType = wrapper.framework; name = ServiceManagement.framework; path = System/Library/Frameworks/ServiceManagement.framework; sourceTree = SDKROOT; };
		F4D4C6FB24CBE94F00581E05 /* IOKit.framework */ = {isa = PBXFileReference; lastKnownFileType = wrapper.framework; name = IOKit.framework; path = System/Library/Frameworks/IOKit.framework; sourceTree = SDKROOT; };
		F4D4C6FE24CBF98300581E05 /* RefreshSettingsRate.swift */ = {isa = PBXFileReference; lastKnownFileType = sourcecode.swift; path = RefreshSettingsRate.swift; sourceTree = "<group>"; };
		F4D4C70024CBF99200581E05 /* UserSettings.swift */ = {isa = PBXFileReference; lastKnownFileType = sourcecode.swift; path = UserSettings.swift; sourceTree = "<group>"; };
		F4E5261E24C7BD0B00125DF9 /* CameraPreview.swift */ = {isa = PBXFileReference; lastKnownFileType = sourcecode.swift; path = CameraPreview.swift; sourceTree = "<group>"; };
		F4E5262024C7BDD400125DF9 /* CameraPreviewInternal.swift */ = {isa = PBXFileReference; lastKnownFileType = sourcecode.swift; path = CameraPreviewInternal.swift; sourceTree = "<group>"; };
		F4E5262424C7C2E100125DF9 /* SettingsView.swift */ = {isa = PBXFileReference; lastKnownFileType = sourcecode.swift; path = SettingsView.swift; sourceTree = "<group>"; };
		F4E5262624C7D88800125DF9 /* BasicSettings.swift */ = {isa = PBXFileReference; lastKnownFileType = sourcecode.swift; path = BasicSettings.swift; sourceTree = "<group>"; };
		F4E5262A24C7D97B00125DF9 /* ExposureView.swift */ = {isa = PBXFileReference; lastKnownFileType = sourcecode.swift; path = ExposureView.swift; sourceTree = "<group>"; };
		F4E5262C24C7DDB000125DF9 /* CaptureDevice.swift */ = {isa = PBXFileReference; lastKnownFileType = sourcecode.swift; path = CaptureDevice.swift; sourceTree = "<group>"; };
		F4E5262F24C7E0BC00125DF9 /* BitmapCaptureDeviceProperty.swift */ = {isa = PBXFileReference; lastKnownFileType = sourcecode.swift; path = BitmapCaptureDeviceProperty.swift; sourceTree = "<group>"; };
		F4E5263124C93A3400125DF9 /* DeviceController.swift */ = {isa = PBXFileReference; lastKnownFileType = sourcecode.swift; path = DeviceController.swift; sourceTree = "<group>"; };
/* End PBXFileReference section */

/* Begin PBXFrameworksBuildPhase section */
		F4508AC92A43E477003C44F1 /* Frameworks */ = {
			isa = PBXFrameworksBuildPhase;
			buildActionMask = 2147483647;
			files = (
			);
			runOnlyForDeploymentPostprocessing = 0;
		};
		F47D07C124C4104300E44A22 /* Frameworks */ = {
			isa = PBXFrameworksBuildPhase;
			buildActionMask = 2147483647;
			files = (
				F47D07F224C4125B00E44A22 /* AVFoundation.framework in Frameworks */,
				F49FA8252A43BE5D0043E0E1 /* Sparkle in Frameworks */,
				F4D4C6F524CBE81600581E05 /* ServiceManagement.framework in Frameworks */,
				F42D42DD27A0F0DC00107DFF /* Security.framework in Frameworks */,
				F4508AD22A43E477003C44F1 /* UVC.framework in Frameworks */,
				F4D4C6FC24CBE94F00581E05 /* IOKit.framework in Frameworks */,
			);
			runOnlyForDeploymentPostprocessing = 0;
		};
		F47D07D924C4104600E44A22 /* Frameworks */ = {
			isa = PBXFrameworksBuildPhase;
			buildActionMask = 2147483647;
			files = (
			);
			runOnlyForDeploymentPostprocessing = 0;
		};
		F4D4C6DE24CBE7A000581E05 /* Frameworks */ = {
			isa = PBXFrameworksBuildPhase;
			buildActionMask = 2147483647;
			files = (
			);
			runOnlyForDeploymentPostprocessing = 0;
		};
/* End PBXFrameworksBuildPhase section */

/* Begin PBXGroup section */
		F42D42D927A0F0B200107DFF /* Vendored */ = {
			isa = PBXGroup;
			children = (
				F42D42DA27A0F0C600107DFF /* MoveApplication.swift */,
				F42D42DE27A0F0EE00107DFF /* MoveApplication.strings */,
			);
			path = Vendored;
			sourceTree = "<group>";
		};
		F42D42E027A0F66D00107DFF /* Extensions */ = {
			isa = PBXGroup;
			children = (
				F42D42E127A0F68000107DFF /* NSNotificationName+Devices.swift */,
			);
			path = Extensions;
			sourceTree = "<group>";
		};
		F43E3BBE2A5510FA006A711F /* SectionComponents */ = {
			isa = PBXGroup;
			children = (
				F4D171472A3EAD320039E353 /* SectionView.swift */,
				F454D4302A550C5A003F2872 /* SectionTitle.swift */,
			);
			path = SectionComponents;
			sourceTree = "<group>";
		};
		F43E3BBF2A55114B006A711F /* ControlComponents */ = {
			isa = PBXGroup;
			children = (
				F4D171412A3E96C00039E353 /* Slider.swift */,
				F42460302A5A104F009108C2 /* Toggle.swift */,
				F454D4322A550CF8003F2872 /* AutoBadge.swift */,
				F42460322A5A299B009108C2 /* GenericControl.swift */,
			);
			path = ControlComponents;
			sourceTree = "<group>";
		};
		F4508ACD2A43E477003C44F1 /* UVC */ = {
			isa = PBXGroup;
			children = (
				F47D081324C54C1E00E44A22 /* USBHeaders.h */,
				F4508AF82A43F234003C44F1 /* Helpers */,
				F47D080424C5091600E44A22 /* Models */,
				F47D081924C68CB100E44A22 /* Controls */,
				F47D07F624C417A700E44A22 /* UVC Standard */,
				F47D081824C68C0800E44A22 /* Extensions */,
			);
			path = UVC;
			sourceTree = "<group>";
		};
		F4508AF82A43F234003C44F1 /* Helpers */ = {
			isa = PBXGroup;
			children = (
				F4508AF62A43F186003C44F1 /* LibConstants.swift */,
				F4508AF92A43F2C0003C44F1 /* Typealiases.swift */,
			);
			path = Helpers;
			sourceTree = "<group>";
		};
		F454D42F2A54ABA8003F2872 /* Profile */ = {
			isa = PBXGroup;
			children = (
				F46C257A2A493FBD00FF9100 /* ProfilesView.swift */,
				F44150722A882D760021ADB5 /* ProfileRow.swift */,
			);
			path = Profile;
			sourceTree = "<group>";
		};
		F46C25732A4937E200FF9100 /* Common */ = {
			isa = PBXGroup;
			children = (
				F4D1713F2A3E95410039E353 /* Constants.swift */,
				F46C25742A4937ED00FF9100 /* VisualEffectView.swift */,
				F46C25772A49386D00FF9100 /* UnsupportedView.swift */,
				F43E3BBE2A5510FA006A711F /* SectionComponents */,
				F43E3BBF2A55114B006A711F /* ControlComponents */,
			);
			path = Common;
			sourceTree = "<group>";
		};
		F46C25762A49381500FF9100 /* Preview */ = {
			isa = PBXGroup;
			children = (
				F4E5261E24C7BD0B00125DF9 /* CameraPreview.swift */,
				F4E5262024C7BDD400125DF9 /* CameraPreviewInternal.swift */,
			);
			path = Preview;
			sourceTree = "<group>";
		};
		F46C25792A493E7F00FF9100 /* Managers */ = {
			isa = PBXGroup;
			children = (
				F42D42D527A0E3D500107DFF /* StatusBarManager.swift */,
				F42D42D727A0E92100107DFF /* WindowManager.swift */,
				F469CF4624DD0D9F0092C7F9 /* ProfileManager.swift */,
			);
			path = Managers;
			sourceTree = "<group>";
		};
		F47D07BB24C4104300E44A22 = {
			isa = PBXGroup;
			children = (
				F47D07C624C4104300E44A22 /* CameraController */,
				F47D07DF24C4104600E44A22 /* CameraControllerTests */,
				F4D4C6E224CBE7A000581E05 /* Helper */,
				F4508ACD2A43E477003C44F1 /* UVC */,
				F47D07C524C4104300E44A22 /* Products */,
				F47D07F024C4125B00E44A22 /* Frameworks */,
			);
			sourceTree = "<group>";
		};
		F47D07C524C4104300E44A22 /* Products */ = {
			isa = PBXGroup;
			children = (
				F47D07C424C4104300E44A22 /* CameraController.app */,
				F47D07DC24C4104600E44A22 /* CameraControllerTests.xctest */,
				F4D4C6E124CBE7A000581E05 /* Helper.app */,
				F4508ACC2A43E477003C44F1 /* UVC.framework */,
			);
			name = Products;
			sourceTree = "<group>";
		};
		F47D07C624C4104300E44A22 /* CameraController */ = {
			isa = PBXGroup;
			children = (
				F47D07C724C4104300E44A22 /* AppDelegate.swift */,
				F47D07ED24C4119200E44A22 /* Resources */,
				F42D42E027A0F66D00107DFF /* Extensions */,
				F46C25792A493E7F00FF9100 /* Managers */,
				F4D4C6FD24CBF97400581E05 /* Settings */,
				F47D07EC24C4118200E44A22 /* Devices */,
				F47D07EB24C4117A00E44A22 /* Views */,
				F47D07D024C4104600E44A22 /* Preview Content */,
				F42D42D927A0F0B200107DFF /* Vendored */,
			);
			path = CameraController;
			sourceTree = "<group>";
		};
		F47D07D024C4104600E44A22 /* Preview Content */ = {
			isa = PBXGroup;
			children = (
				F47D07D124C4104600E44A22 /* Preview Assets.xcassets */,
				F4D171432A3EA6650039E353 /* StatefulPreviewWrapper.swift */,
			);
			path = "Preview Content";
			sourceTree = "<group>";
		};
		F47D07DF24C4104600E44A22 /* CameraControllerTests */ = {
			isa = PBXGroup;
			children = (
				F47D07E224C4104600E44A22 /* Info.plist */,
				F47D07F324C412F800E44A22 /* DevicesManagerTests.swift */,
				F47D080924C50E1C00E44A22 /* StringTests.swift */,
			);
			path = CameraControllerTests;
			sourceTree = "<group>";
		};
		F47D07EB24C4117A00E44A22 /* Views */ = {
			isa = PBXGroup;
			children = (
				F47D07C924C4104300E44A22 /* ContentView.swift */,
				F4D1713D2A3D4C770039E353 /* TabSelectorView.swift */,
				F46C25732A4937E200FF9100 /* Common */,
				F46C25762A49381500FF9100 /* Preview */,
				F4E5262824C7D88B00125DF9 /* Settings */,
			);
			path = Views;
			sourceTree = "<group>";
		};
		F47D07EC24C4118200E44A22 /* Devices */ = {
			isa = PBXGroup;
			children = (
				F47D07EE24C4123600E44A22 /* DeviceManager.swift */,
				F4E5262C24C7DDB000125DF9 /* CaptureDevice.swift */,
				F45B7AB924D545B3004C4420 /* DeviceMonitor.swift */,
				F4E5263124C93A3400125DF9 /* DeviceController.swift */,
				F469CF4424DD0A3E0092C7F9 /* DeviceSettings.swift */,
				F469CF4824DD0E310092C7F9 /* Profile.swift */,
				F4E5262E24C7E0AD00125DF9 /* Properties */,
			);
			path = Devices;
			sourceTree = "<group>";
		};
		F47D07ED24C4119200E44A22 /* Resources */ = {
			isa = PBXGroup;
			children = (
				F47D07CE24C4104600E44A22 /* Assets.xcassets */,
				F47D07D324C4104600E44A22 /* Main.storyboard */,
				F47D07D624C4104600E44A22 /* Info.plist */,
				F47D07D724C4104600E44A22 /* CameraController.entitlements */,
			);
			path = Resources;
			sourceTree = "<group>";
		};
		F47D07F024C4125B00E44A22 /* Frameworks */ = {
			isa = PBXGroup;
			children = (
				F42D42DC27A0F0DB00107DFF /* Security.framework */,
				F4D4C6FB24CBE94F00581E05 /* IOKit.framework */,
				F4D4C6F424CBE81600581E05 /* ServiceManagement.framework */,
				F47D07F124C4125B00E44A22 /* AVFoundation.framework */,
			);
			name = Frameworks;
			sourceTree = "<group>";
		};
		F47D07F624C417A700E44A22 /* UVC Standard */ = {
			isa = PBXGroup;
			children = (
				F47D07F724C417B700E44A22 /* UVCConstants.swift */,
				F47D07F924C4186C00E44A22 /* UVCCameraTerminal.swift */,
				F47D07FB24C418B200E44A22 /* UVCProcessingUnit.swift */,
				F47D07FD24C418F200E44A22 /* UVCRequestCodes.swift */,
			);
			path = "UVC Standard";
			sourceTree = "<group>";
		};
		F47D080424C5091600E44A22 /* Models */ = {
			isa = PBXGroup;
			children = (
				F47D080724C50DD700E44A22 /* CameraInformation.swift */,
				F47D080B24C50F7B00E44A22 /* USBDevice.swift */,
				F47D081424C551D400E44A22 /* UVCDescriptor.swift */,
				F47D080024C5078200E44A22 /* UVCDevice.swift */,
				F47D082424C6935600E44A22 /* UVCDeviceProperties.swift */,
				F4508AC52A43DE40003C44F1 /* UVCErrors.swift */,
			);
			path = Models;
			sourceTree = "<group>";
		};
		F47D081824C68C0800E44A22 /* Extensions */ = {
			isa = PBXGroup;
			children = (
				F47D080224C507F800E44A22 /* AVCaptureDevice+USB.swift */,
				F47D080524C50DCE00E44A22 /* String+CameraInformation.swift */,
				F47D080D24C54A2000E44A22 /* io_service_t+Interface.swift */,
				F47D080F24C54B5C00E44A22 /* UnsafeMutablePointer+interface.swift */,
				F47D081124C54BDD00E44A22 /* IOUSBConfigurationDescriptorPtr+UVC.swift */,
			);
			path = Extensions;
			sourceTree = "<group>";
		};
		F47D081924C68CB100E44A22 /* Controls */ = {
			isa = PBXGroup;
			children = (
				F47D081A24C68CC200E44A22 /* UVCControl.swift */,
				F47D081C24C68F6000E44A22 /* UVCIntControl.swift */,
				F47D081E24C6919E00E44A22 /* UVCMultipleIntControl.swift */,
				F47D082024C6924100E44A22 /* UVCBoolControl.swift */,
				F47D082224C692A600E44A22 /* UVCBitmapControl.swift */,
			);
			path = Controls;
			sourceTree = "<group>";
		};
		F4D4C6CC24CBD32000581E05 /* Advanced */ = {
			isa = PBXGroup;
			children = (
				F4D4C6CD24CBD34300581E05 /* AdvancedView.swift */,
				F4D4C6CF24CBD3B000581E05 /* PowerLineView.swift */,
				F4D4C6D124CBD83100581E05 /* BacklightView.swift */,
				F424604E2A5A79E6009108C2 /* PanTiltView.swift */,
				F424604C2A5A7969009108C2 /* RollView.swift */,
				F424604A2A5A77E6009108C2 /* ZoomView.swift */,
				F4D4C6D724CBDA5700581E05 /* FocusView.swift */,
			);
			path = Advanced;
			sourceTree = "<group>";
		};
		F4D4C6DA24CBDBAF00581E05 /* Preferences */ = {
			isa = PBXGroup;
			children = (
				F4D4C6DB24CBDBC600581E05 /* PreferencesView.swift */,
				F42460402A5A6C75009108C2 /* ApplicationSection.swift */,
				F42460422A5A6CC0009108C2 /* CameraSection.swift */,
				F424603E2A5A6C14009108C2 /* PreviewSection.swift */,
				F42460442A5A6D07009108C2 /* ReadWriteSection.swift */,
				F42460462A5A6D26009108C2 /* UpdatesSection.swift */,
				F42460482A5A6D5E009108C2 /* QuitButton.swift */,
			);
			path = Preferences;
			sourceTree = "<group>";
		};
		F4D4C6E224CBE7A000581E05 /* Helper */ = {
			isa = PBXGroup;
			children = (
				F4D4C6E324CBE7A000581E05 /* AppDelegate.swift */,
				F4D4C6E724CBE7A200581E05 /* Assets.xcassets */,
				F4D4C6EC24CBE7A200581E05 /* Main.storyboard */,
				F4D4C6EF24CBE7A200581E05 /* Info.plist */,
				F4D4C6F024CBE7A200581E05 /* Helper.entitlements */,
				F4D4C6E924CBE7A200581E05 /* Preview Content */,
			);
			path = Helper;
			sourceTree = "<group>";
		};
		F4D4C6E924CBE7A200581E05 /* Preview Content */ = {
			isa = PBXGroup;
			children = (
				F4D4C6EA24CBE7A200581E05 /* Preview Assets.xcassets */,
			);
			path = "Preview Content";
			sourceTree = "<group>";
		};
		F4D4C6FD24CBF97400581E05 /* Settings */ = {
			isa = PBXGroup;
			children = (
				F4D4C70024CBF99200581E05 /* UserSettings.swift */,
				F4D4C6FE24CBF98300581E05 /* RefreshSettingsRate.swift */,
				F4D171492A3EBC740039E353 /* PreviewSizeSettings.swift */,
			);
			path = Settings;
			sourceTree = "<group>";
		};
		F4E5262824C7D88B00125DF9 /* Settings */ = {
			isa = PBXGroup;
			children = (
				F4E5262424C7C2E100125DF9 /* SettingsView.swift */,
				F4E5262924C7D89500125DF9 /* Basic */,
				F4D4C6CC24CBD32000581E05 /* Advanced */,
				F454D42F2A54ABA8003F2872 /* Profile */,
				F4D4C6DA24CBDBAF00581E05 /* Preferences */,
			);
			path = Settings;
			sourceTree = "<group>";
		};
		F4E5262924C7D89500125DF9 /* Basic */ = {
			isa = PBXGroup;
			children = (
				F4E5262624C7D88800125DF9 /* BasicSettings.swift */,
				F4E5262A24C7D97B00125DF9 /* ExposureView.swift */,
				F42460342A5A65A0009108C2 /* BrightnessView.swift */,
				F42460362A5A6697009108C2 /* ContrastView.swift */,
				F42460382A5A6706009108C2 /* SaturationView.swift */,
				F424603A2A5A673F009108C2 /* SharpnessView.swift */,
				F424603C2A5A678C009108C2 /* HueView.swift */,
				F4D4C6CA24CBD27600581E05 /* WhiteBalanceView.swift */,
			);
			path = Basic;
			sourceTree = "<group>";
		};
		F4E5262E24C7E0AD00125DF9 /* Properties */ = {
			isa = PBXGroup;
			children = (
				F4E5262F24C7E0BC00125DF9 /* BitmapCaptureDeviceProperty.swift */,
				F486353024CBA574003CE0BA /* NumberCaptureDeviceProperty.swift */,
				F4D4C6C824CBD26600581E05 /* BoolCaptureDeviceProperty.swift */,
				F4D4C6D524CBD96B00581E05 /* MultipleCaptureDeviceProperty.swift */,
			);
			path = Properties;
			sourceTree = "<group>";
		};
/* End PBXGroup section */

/* Begin PBXHeadersBuildPhase section */
		F4508AC72A43E477003C44F1 /* Headers */ = {
			isa = PBXHeadersBuildPhase;
			buildActionMask = 2147483647;
			files = (
			);
			runOnlyForDeploymentPostprocessing = 0;
		};
/* End PBXHeadersBuildPhase section */

/* Begin PBXNativeTarget section */
		F4508ACB2A43E477003C44F1 /* UVC */ = {
			isa = PBXNativeTarget;
			buildConfigurationList = F4508AD52A43E477003C44F1 /* Build configuration list for PBXNativeTarget "UVC" */;
			buildPhases = (
				F4508AC72A43E477003C44F1 /* Headers */,
				F4508AC82A43E477003C44F1 /* Sources */,
				F4508AC92A43E477003C44F1 /* Frameworks */,
				F4508ACA2A43E477003C44F1 /* Resources */,
			);
			buildRules = (
			);
			dependencies = (
			);
			name = UVC;
			productName = UVC;
			productReference = F4508ACC2A43E477003C44F1 /* UVC.framework */;
			productType = "com.apple.product-type.framework";
		};
		F47D07C324C4104300E44A22 /* CameraController */ = {
			isa = PBXNativeTarget;
			buildConfigurationList = F47D07E524C4104600E44A22 /* Build configuration list for PBXNativeTarget "CameraController" */;
			buildPhases = (
				F47D07C024C4104300E44A22 /* Sources */,
				F47D07C124C4104300E44A22 /* Frameworks */,
				F47D07C224C4104300E44A22 /* Resources */,
				F47D07FF24C5017200E44A22 /* ShellScript */,
				F4D4C6F924CBE82D00581E05 /* CopyFiles */,
				F4508AD32A43E477003C44F1 /* Embed Frameworks */,
			);
			buildRules = (
			);
			dependencies = (
				F4D4C6F824CBE81900581E05 /* PBXTargetDependency */,
				F4508AD12A43E477003C44F1 /* PBXTargetDependency */,
			);
			name = CameraController;
			packageProductDependencies = (
				F49FA8242A43BE5D0043E0E1 /* Sparkle */,
			);
			productName = CameraController;
			productReference = F47D07C424C4104300E44A22 /* CameraController.app */;
			productType = "com.apple.product-type.application";
		};
		F47D07DB24C4104600E44A22 /* CameraControllerTests */ = {
			isa = PBXNativeTarget;
			buildConfigurationList = F47D07E824C4104600E44A22 /* Build configuration list for PBXNativeTarget "CameraControllerTests" */;
			buildPhases = (
				F47D07D824C4104600E44A22 /* Sources */,
				F47D07D924C4104600E44A22 /* Frameworks */,
				F47D07DA24C4104600E44A22 /* Resources */,
			);
			buildRules = (
			);
			dependencies = (
				F47D07DE24C4104600E44A22 /* PBXTargetDependency */,
			);
			name = CameraControllerTests;
			productName = CameraControllerTests;
			productReference = F47D07DC24C4104600E44A22 /* CameraControllerTests.xctest */;
			productType = "com.apple.product-type.bundle.unit-test";
		};
		F4D4C6E024CBE7A000581E05 /* Helper */ = {
			isa = PBXNativeTarget;
			buildConfigurationList = F4D4C6F124CBE7A200581E05 /* Build configuration list for PBXNativeTarget "Helper" */;
			buildPhases = (
				F4D4C6DD24CBE7A000581E05 /* Sources */,
				F4D4C6DE24CBE7A000581E05 /* Frameworks */,
				F4D4C6DF24CBE7A000581E05 /* Resources */,
			);
			buildRules = (
			);
			dependencies = (
			);
			name = Helper;
			productName = Helper;
			productReference = F4D4C6E124CBE7A000581E05 /* Helper.app */;
			productType = "com.apple.product-type.application";
		};
/* End PBXNativeTarget section */

/* Begin PBXProject section */
		F47D07BC24C4104300E44A22 /* Project object */ = {
			isa = PBXProject;
			attributes = {
				BuildIndependentTargetsInParallel = YES;
				LastSwiftUpdateCheck = 1150;
				LastUpgradeCheck = 1430;
				ORGANIZATIONNAME = Itaysoft;
				TargetAttributes = {
					F4508ACB2A43E477003C44F1 = {
						CreatedOnToolsVersion = 14.3;
						LastSwiftMigration = 1430;
					};
					F47D07C324C4104300E44A22 = {
						CreatedOnToolsVersion = 11.5;
					};
					F47D07DB24C4104600E44A22 = {
						CreatedOnToolsVersion = 11.5;
						TestTargetID = F47D07C324C4104300E44A22;
					};
					F4D4C6E024CBE7A000581E05 = {
						CreatedOnToolsVersion = 11.5;
					};
				};
			};
			buildConfigurationList = F47D07BF24C4104300E44A22 /* Build configuration list for PBXProject "CameraController" */;
			compatibilityVersion = "Xcode 9.3";
			developmentRegion = en;
			hasScannedForEncodings = 0;
			knownRegions = (
				en,
				Base,
			);
			mainGroup = F47D07BB24C4104300E44A22;
			packageReferences = (
				F49FA8232A43BE5D0043E0E1 /* XCRemoteSwiftPackageReference "Sparkle" */,
			);
			productRefGroup = F47D07C524C4104300E44A22 /* Products */;
			projectDirPath = "";
			projectRoot = "";
			targets = (
				F47D07C324C4104300E44A22 /* CameraController */,
				F47D07DB24C4104600E44A22 /* CameraControllerTests */,
				F4D4C6E024CBE7A000581E05 /* Helper */,
				F4508ACB2A43E477003C44F1 /* UVC */,
			);
		};
/* End PBXProject section */

/* Begin PBXResourcesBuildPhase section */
		F4508ACA2A43E477003C44F1 /* Resources */ = {
			isa = PBXResourcesBuildPhase;
			buildActionMask = 2147483647;
			files = (
			);
			runOnlyForDeploymentPostprocessing = 0;
		};
		F47D07C224C4104300E44A22 /* Resources */ = {
			isa = PBXResourcesBuildPhase;
			buildActionMask = 2147483647;
			files = (
				F47D07D524C4104600E44A22 /* Main.storyboard in Resources */,
				F47D07D224C4104600E44A22 /* Preview Assets.xcassets in Resources */,
				F42D42DF27A0F0EE00107DFF /* MoveApplication.strings in Resources */,
				F47D07CF24C4104600E44A22 /* Assets.xcassets in Resources */,
			);
			runOnlyForDeploymentPostprocessing = 0;
		};
		F47D07DA24C4104600E44A22 /* Resources */ = {
			isa = PBXResourcesBuildPhase;
			buildActionMask = 2147483647;
			files = (
			);
			runOnlyForDeploymentPostprocessing = 0;
		};
		F4D4C6DF24CBE7A000581E05 /* Resources */ = {
			isa = PBXResourcesBuildPhase;
			buildActionMask = 2147483647;
			files = (
				F4D4C6EE24CBE7A200581E05 /* Main.storyboard in Resources */,
				F4D4C6EB24CBE7A200581E05 /* Preview Assets.xcassets in Resources */,
				F4D4C6E824CBE7A200581E05 /* Assets.xcassets in Resources */,
			);
			runOnlyForDeploymentPostprocessing = 0;
		};
/* End PBXResourcesBuildPhase section */

/* Begin PBXShellScriptBuildPhase section */
		F47D07FF24C5017200E44A22 /* ShellScript */ = {
			isa = PBXShellScriptBuildPhase;
			alwaysOutOfDate = 1;
			buildActionMask = 2147483647;
			files = (
			);
			inputFileListPaths = (
			);
			inputPaths = (
			);
			outputFileListPaths = (
			);
			outputPaths = (
			);
			runOnlyForDeploymentPostprocessing = 0;
			shellPath = /bin/sh;
			shellScript = "if [[ \"$(uname -m)\" == arm64 ]]; then\n    export PATH=\"/opt/homebrew/bin:$PATH\"\nfi\n\nif which swiftlint >/dev/null; then\n  swiftlint\nelse\n  echo \"warning: SwiftLint not installed, download from https://github.com/realm/SwiftLint\"\nfi\n";
		};
/* End PBXShellScriptBuildPhase section */

/* Begin PBXSourcesBuildPhase section */
		F4508AC82A43E477003C44F1 /* Sources */ = {
			isa = PBXSourcesBuildPhase;
			buildActionMask = 2147483647;
			files = (
				F4508AE32A43E4B6003C44F1 /* UVCMultipleIntControl.swift in Sources */,
				F4508AD92A43E48E003C44F1 /* UnsafeMutablePointer+interface.swift in Sources */,
				F4508AE42A43E4B9003C44F1 /* UVCIntControl.swift in Sources */,
				F4508ADC2A43E49A003C44F1 /* AVCaptureDevice+USB.swift in Sources */,
				F4508AE52A43E4BE003C44F1 /* UVCControl.swift in Sources */,
				F4508ADE2A43E4A3003C44F1 /* UVCProcessingUnit.swift in Sources */,
				F4508AD82A43E48A003C44F1 /* IOUSBConfigurationDescriptorPtr+UVC.swift in Sources */,
				F4508AE92A43E4CF003C44F1 /* UVCDescriptor.swift in Sources */,
				F4508ADD2A43E4A0003C44F1 /* UVCRequestCodes.swift in Sources */,
				F4508AE62A43E4C1003C44F1 /* UVCErrors.swift in Sources */,
				F4508ADF2A43E4A7003C44F1 /* UVCCameraTerminal.swift in Sources */,
				F4508ADB2A43E494003C44F1 /* String+CameraInformation.swift in Sources */,
				F4508AE12A43E4AF003C44F1 /* UVCBitmapControl.swift in Sources */,
				F4508AF72A43F186003C44F1 /* LibConstants.swift in Sources */,
				F4508AE02A43E4AA003C44F1 /* UVCConstants.swift in Sources */,
				F4508ADA2A43E491003C44F1 /* io_service_t+Interface.swift in Sources */,
				F4508AE82A43E4C8003C44F1 /* UVCDevice.swift in Sources */,
				F4508AE22A43E4B3003C44F1 /* UVCBoolControl.swift in Sources */,
				F4508AFA2A43F2C0003C44F1 /* Typealiases.swift in Sources */,
				F4508AEB2A43E4D7003C44F1 /* CameraInformation.swift in Sources */,
				F4508AEA2A43E4D3003C44F1 /* USBDevice.swift in Sources */,
				F4508AE72A43E4C5003C44F1 /* UVCDeviceProperties.swift in Sources */,
			);
			runOnlyForDeploymentPostprocessing = 0;
		};
		F47D07C024C4104300E44A22 /* Sources */ = {
			isa = PBXSourcesBuildPhase;
			buildActionMask = 2147483647;
			files = (
				F424603B2A5A673F009108C2 /* SharpnessView.swift in Sources */,
				F42460412A5A6C75009108C2 /* ApplicationSection.swift in Sources */,
				F42460452A5A6D07009108C2 /* ReadWriteSection.swift in Sources */,
				F424604F2A5A79E6009108C2 /* PanTiltView.swift in Sources */,
				F42460312A5A104F009108C2 /* Toggle.swift in Sources */,
				F4D171482A3EAD320039E353 /* SectionView.swift in Sources */,
				F4D171442A3EA6650039E353 /* StatefulPreviewWrapper.swift in Sources */,
				F47D07CA24C4104300E44A22 /* ContentView.swift in Sources */,
				F4E5262D24C7DDB000125DF9 /* CaptureDevice.swift in Sources */,
				F47D07EF24C4123600E44A22 /* DeviceManager.swift in Sources */,
				F4D171402A3E95410039E353 /* Constants.swift in Sources */,
				F4D4C6CB24CBD27600581E05 /* WhiteBalanceView.swift in Sources */,
				F4E5263024C7E0BC00125DF9 /* BitmapCaptureDeviceProperty.swift in Sources */,
				F47D07C824C4104300E44A22 /* AppDelegate.swift in Sources */,
				F4E5261F24C7BD0B00125DF9 /* CameraPreview.swift in Sources */,
				F4D4C6DC24CBDBC600581E05 /* PreferencesView.swift in Sources */,
				F424604D2A5A7969009108C2 /* RollView.swift in Sources */,
				F486353124CBA574003CE0BA /* NumberCaptureDeviceProperty.swift in Sources */,
				F42460372A5A6697009108C2 /* ContrastView.swift in Sources */,
				F4D4C6FF24CBF98300581E05 /* RefreshSettingsRate.swift in Sources */,
				F4D171422A3E96C00039E353 /* Slider.swift in Sources */,
				F4D4C70124CBF99200581E05 /* UserSettings.swift in Sources */,
				F42D42E227A0F68000107DFF /* NSNotificationName+Devices.swift in Sources */,
				F4D4C6C924CBD26600581E05 /* BoolCaptureDeviceProperty.swift in Sources */,
				F424603F2A5A6C14009108C2 /* PreviewSection.swift in Sources */,
				F469CF4924DD0E310092C7F9 /* Profile.swift in Sources */,
				F46C25752A4937ED00FF9100 /* VisualEffectView.swift in Sources */,
				F4D4C6CE24CBD34300581E05 /* AdvancedView.swift in Sources */,
				F42460332A5A299B009108C2 /* GenericControl.swift in Sources */,
				F42D42DB27A0F0C600107DFF /* MoveApplication.swift in Sources */,
				F4E5263224C93A3400125DF9 /* DeviceController.swift in Sources */,
				F42460492A5A6D5E009108C2 /* QuitButton.swift in Sources */,
				F42460352A5A65A0009108C2 /* BrightnessView.swift in Sources */,
				F4D1714A2A3EBC740039E353 /* PreviewSizeSettings.swift in Sources */,
				F42D42D827A0E92100107DFF /* WindowManager.swift in Sources */,
				F469CF4724DD0D9F0092C7F9 /* ProfileManager.swift in Sources */,
				F44150732A882D760021ADB5 /* ProfileRow.swift in Sources */,
				F4E5262124C7BDD400125DF9 /* CameraPreviewInternal.swift in Sources */,
				F4D4C6D224CBD83100581E05 /* BacklightView.swift in Sources */,
				F424603D2A5A678C009108C2 /* HueView.swift in Sources */,
				F46C25782A49386D00FF9100 /* UnsupportedView.swift in Sources */,
				F4D4C6D624CBD96B00581E05 /* MultipleCaptureDeviceProperty.swift in Sources */,
				F42460472A5A6D26009108C2 /* UpdatesSection.swift in Sources */,
				F4D4C6D024CBD3B000581E05 /* PowerLineView.swift in Sources */,
				F4D4C6D824CBDA5700581E05 /* FocusView.swift in Sources */,
				F4E5262B24C7D97B00125DF9 /* ExposureView.swift in Sources */,
				F45B7ABA24D545B3004C4420 /* DeviceMonitor.swift in Sources */,
				F42460392A5A6706009108C2 /* SaturationView.swift in Sources */,
				F454D4332A550CF8003F2872 /* AutoBadge.swift in Sources */,
				F42460432A5A6CC0009108C2 /* CameraSection.swift in Sources */,
				F42D42D627A0E3D500107DFF /* StatusBarManager.swift in Sources */,
				F469CF4524DD0A3E0092C7F9 /* DeviceSettings.swift in Sources */,
				F4E5262724C7D88800125DF9 /* BasicSettings.swift in Sources */,
				F4D1713E2A3D4C770039E353 /* TabSelectorView.swift in Sources */,
				F46C257B2A493FBD00FF9100 /* ProfilesView.swift in Sources */,
				F424604B2A5A77E6009108C2 /* ZoomView.swift in Sources */,
				F454D4312A550C5A003F2872 /* SectionTitle.swift in Sources */,
				F4E5262524C7C2E100125DF9 /* SettingsView.swift in Sources */,
			);
			runOnlyForDeploymentPostprocessing = 0;
		};
		F47D07D824C4104600E44A22 /* Sources */ = {
			isa = PBXSourcesBuildPhase;
			buildActionMask = 2147483647;
			files = (
				F47D080A24C50E1C00E44A22 /* StringTests.swift in Sources */,
				F47D07F424C412F800E44A22 /* DevicesManagerTests.swift in Sources */,
			);
			runOnlyForDeploymentPostprocessing = 0;
		};
		F4D4C6DD24CBE7A000581E05 /* Sources */ = {
			isa = PBXSourcesBuildPhase;
			buildActionMask = 2147483647;
			files = (
				F4D4C6E424CBE7A000581E05 /* AppDelegate.swift in Sources */,
			);
			runOnlyForDeploymentPostprocessing = 0;
		};
/* End PBXSourcesBuildPhase section */

/* Begin PBXTargetDependency section */
		F4508AD12A43E477003C44F1 /* PBXTargetDependency */ = {
			isa = PBXTargetDependency;
			target = F4508ACB2A43E477003C44F1 /* UVC */;
			targetProxy = F4508AD02A43E477003C44F1 /* PBXContainerItemProxy */;
		};
		F47D07DE24C4104600E44A22 /* PBXTargetDependency */ = {
			isa = PBXTargetDependency;
			target = F47D07C324C4104300E44A22 /* CameraController */;
			targetProxy = F47D07DD24C4104600E44A22 /* PBXContainerItemProxy */;
		};
		F4D4C6F824CBE81900581E05 /* PBXTargetDependency */ = {
			isa = PBXTargetDependency;
			target = F4D4C6E024CBE7A000581E05 /* Helper */;
			targetProxy = F4D4C6F724CBE81900581E05 /* PBXContainerItemProxy */;
		};
/* End PBXTargetDependency section */

/* Begin PBXVariantGroup section */
		F47D07D324C4104600E44A22 /* Main.storyboard */ = {
			isa = PBXVariantGroup;
			children = (
				F47D07D424C4104600E44A22 /* Base */,
			);
			name = Main.storyboard;
			sourceTree = "<group>";
		};
		F4D4C6EC24CBE7A200581E05 /* Main.storyboard */ = {
			isa = PBXVariantGroup;
			children = (
				F4D4C6ED24CBE7A200581E05 /* Base */,
			);
			name = Main.storyboard;
			sourceTree = "<group>";
		};
/* End PBXVariantGroup section */

/* Begin XCBuildConfiguration section */
		F4508AD62A43E477003C44F1 /* Debug */ = {
			isa = XCBuildConfiguration;
			buildSettings = {
				CLANG_CXX_LANGUAGE_STANDARD = "gnu++20";
				CLANG_ENABLE_MODULES = YES;
				CODE_SIGN_IDENTITY = "Apple Development";
				CODE_SIGN_STYLE = Automatic;
				COMBINE_HIDPI_IMAGES = YES;
				CURRENT_PROJECT_VERSION = 1;
				DEFINES_MODULE = YES;
				DEVELOPMENT_TEAM = PY9WJ3M9MW;
				DYLIB_COMPATIBILITY_VERSION = 1;
				DYLIB_CURRENT_VERSION = 1;
				DYLIB_INSTALL_NAME_BASE = "@rpath";
				ENABLE_MODULE_VERIFIER = YES;
				GENERATE_INFOPLIST_FILE = YES;
				INFOPLIST_KEY_NSHumanReadableCopyright = "Copyright © 2023 Itaysoft. All rights reserved.";
				INSTALL_PATH = "$(LOCAL_LIBRARY_DIR)/Frameworks";
				LD_RUNPATH_SEARCH_PATHS = (
					"$(inherited)",
					"@executable_path/../Frameworks",
					"@loader_path/Frameworks",
				);
				MACOSX_DEPLOYMENT_TARGET = 12.0;
				MARKETING_VERSION = 1.0;
				MODULE_VERIFIER_SUPPORTED_LANGUAGES = "objective-c objective-c++";
				MODULE_VERIFIER_SUPPORTED_LANGUAGE_STANDARDS = "gnu11 gnu++20";
				PRODUCT_BUNDLE_IDENTIFIER = com.emerge.UVC;
				PRODUCT_NAME = "$(TARGET_NAME:c99extidentifier)";
				SKIP_INSTALL = YES;
				SWIFT_EMIT_LOC_STRINGS = YES;
				SWIFT_OBJC_BRIDGING_HEADER = UVC/USBHeaders.h;
				SWIFT_OPTIMIZATION_LEVEL = "-Onone";
				SWIFT_VERSION = 5.0;
				VERSIONING_SYSTEM = "apple-generic";
				VERSION_INFO_PREFIX = "";
			};
			name = Debug;
		};
		F4508AD72A43E477003C44F1 /* Release */ = {
			isa = XCBuildConfiguration;
			buildSettings = {
				CLANG_CXX_LANGUAGE_STANDARD = "gnu++20";
				CLANG_ENABLE_MODULES = YES;
				CODE_SIGN_IDENTITY = "Apple Development";
				CODE_SIGN_STYLE = Automatic;
				COMBINE_HIDPI_IMAGES = YES;
				CURRENT_PROJECT_VERSION = 1;
				DEFINES_MODULE = YES;
				DEVELOPMENT_TEAM = PY9WJ3M9MW;
				DYLIB_COMPATIBILITY_VERSION = 1;
				DYLIB_CURRENT_VERSION = 1;
				DYLIB_INSTALL_NAME_BASE = "@rpath";
				ENABLE_MODULE_VERIFIER = YES;
				GENERATE_INFOPLIST_FILE = YES;
				INFOPLIST_KEY_NSHumanReadableCopyright = "Copyright © 2023 Itaysoft. All rights reserved.";
				INSTALL_PATH = "$(LOCAL_LIBRARY_DIR)/Frameworks";
				LD_RUNPATH_SEARCH_PATHS = (
					"$(inherited)",
					"@executable_path/../Frameworks",
					"@loader_path/Frameworks",
				);
				MACOSX_DEPLOYMENT_TARGET = 12.0;
				MARKETING_VERSION = 1.0;
				MODULE_VERIFIER_SUPPORTED_LANGUAGES = "objective-c objective-c++";
				MODULE_VERIFIER_SUPPORTED_LANGUAGE_STANDARDS = "gnu11 gnu++20";
				PRODUCT_BUNDLE_IDENTIFIER = com.emerge.UVC;
				PRODUCT_NAME = "$(TARGET_NAME:c99extidentifier)";
				SKIP_INSTALL = YES;
				SWIFT_EMIT_LOC_STRINGS = YES;
				SWIFT_OBJC_BRIDGING_HEADER = UVC/USBHeaders.h;
				SWIFT_VERSION = 5.0;
				VERSIONING_SYSTEM = "apple-generic";
				VERSION_INFO_PREFIX = "";
			};
			name = Release;
		};
		F47D07E324C4104600E44A22 /* Debug */ = {
			isa = XCBuildConfiguration;
			buildSettings = {
				ALWAYS_SEARCH_USER_PATHS = NO;
				CLANG_ANALYZER_NONNULL = YES;
				CLANG_ANALYZER_NUMBER_OBJECT_CONVERSION = YES_AGGRESSIVE;
				CLANG_CXX_LANGUAGE_STANDARD = "gnu++14";
				CLANG_CXX_LIBRARY = "libc++";
				CLANG_ENABLE_MODULES = YES;
				CLANG_ENABLE_OBJC_ARC = YES;
				CLANG_ENABLE_OBJC_WEAK = YES;
				CLANG_WARN_BLOCK_CAPTURE_AUTORELEASING = YES;
				CLANG_WARN_BOOL_CONVERSION = YES;
				CLANG_WARN_COMMA = YES;
				CLANG_WARN_CONSTANT_CONVERSION = YES;
				CLANG_WARN_DEPRECATED_OBJC_IMPLEMENTATIONS = YES;
				CLANG_WARN_DIRECT_OBJC_ISA_USAGE = YES_ERROR;
				CLANG_WARN_DOCUMENTATION_COMMENTS = YES;
				CLANG_WARN_EMPTY_BODY = YES;
				CLANG_WARN_ENUM_CONVERSION = YES;
				CLANG_WARN_INFINITE_RECURSION = YES;
				CLANG_WARN_INT_CONVERSION = YES;
				CLANG_WARN_NON_LITERAL_NULL_CONVERSION = YES;
				CLANG_WARN_OBJC_IMPLICIT_RETAIN_SELF = YES;
				CLANG_WARN_OBJC_LITERAL_CONVERSION = YES;
				CLANG_WARN_OBJC_ROOT_CLASS = YES_ERROR;
				CLANG_WARN_QUOTED_INCLUDE_IN_FRAMEWORK_HEADER = YES;
				CLANG_WARN_RANGE_LOOP_ANALYSIS = YES;
				CLANG_WARN_STRICT_PROTOTYPES = YES;
				CLANG_WARN_SUSPICIOUS_MOVE = YES;
				CLANG_WARN_UNGUARDED_AVAILABILITY = YES_AGGRESSIVE;
				CLANG_WARN_UNREACHABLE_CODE = YES;
				CLANG_WARN__DUPLICATE_METHOD_MATCH = YES;
				COPY_PHASE_STRIP = NO;
				DEAD_CODE_STRIPPING = YES;
				DEBUG_INFORMATION_FORMAT = dwarf;
				ENABLE_STRICT_OBJC_MSGSEND = YES;
				ENABLE_TESTABILITY = YES;
				GCC_C_LANGUAGE_STANDARD = gnu11;
				GCC_DYNAMIC_NO_PIC = NO;
				GCC_NO_COMMON_BLOCKS = YES;
				GCC_OPTIMIZATION_LEVEL = 0;
				GCC_PREPROCESSOR_DEFINITIONS = (
					"DEBUG=1",
					"$(inherited)",
				);
				GCC_WARN_64_TO_32_BIT_CONVERSION = YES;
				GCC_WARN_ABOUT_RETURN_TYPE = YES_ERROR;
				GCC_WARN_UNDECLARED_SELECTOR = YES;
				GCC_WARN_UNINITIALIZED_AUTOS = YES_AGGRESSIVE;
				GCC_WARN_UNUSED_FUNCTION = YES;
				GCC_WARN_UNUSED_VARIABLE = YES;
				MACOSX_DEPLOYMENT_TARGET = 11.0;
				MTL_ENABLE_DEBUG_INFO = INCLUDE_SOURCE;
				MTL_FAST_MATH = YES;
				ONLY_ACTIVE_ARCH = YES;
				SDKROOT = macosx;
				SWIFT_ACTIVE_COMPILATION_CONDITIONS = DEBUG;
				SWIFT_OPTIMIZATION_LEVEL = "-Onone";
			};
			name = Debug;
		};
		F47D07E424C4104600E44A22 /* Release */ = {
			isa = XCBuildConfiguration;
			buildSettings = {
				ALWAYS_SEARCH_USER_PATHS = NO;
				CLANG_ANALYZER_NONNULL = YES;
				CLANG_ANALYZER_NUMBER_OBJECT_CONVERSION = YES_AGGRESSIVE;
				CLANG_CXX_LANGUAGE_STANDARD = "gnu++14";
				CLANG_CXX_LIBRARY = "libc++";
				CLANG_ENABLE_MODULES = YES;
				CLANG_ENABLE_OBJC_ARC = YES;
				CLANG_ENABLE_OBJC_WEAK = YES;
				CLANG_WARN_BLOCK_CAPTURE_AUTORELEASING = YES;
				CLANG_WARN_BOOL_CONVERSION = YES;
				CLANG_WARN_COMMA = YES;
				CLANG_WARN_CONSTANT_CONVERSION = YES;
				CLANG_WARN_DEPRECATED_OBJC_IMPLEMENTATIONS = YES;
				CLANG_WARN_DIRECT_OBJC_ISA_USAGE = YES_ERROR;
				CLANG_WARN_DOCUMENTATION_COMMENTS = YES;
				CLANG_WARN_EMPTY_BODY = YES;
				CLANG_WARN_ENUM_CONVERSION = YES;
				CLANG_WARN_INFINITE_RECURSION = YES;
				CLANG_WARN_INT_CONVERSION = YES;
				CLANG_WARN_NON_LITERAL_NULL_CONVERSION = YES;
				CLANG_WARN_OBJC_IMPLICIT_RETAIN_SELF = YES;
				CLANG_WARN_OBJC_LITERAL_CONVERSION = YES;
				CLANG_WARN_OBJC_ROOT_CLASS = YES_ERROR;
				CLANG_WARN_QUOTED_INCLUDE_IN_FRAMEWORK_HEADER = YES;
				CLANG_WARN_RANGE_LOOP_ANALYSIS = YES;
				CLANG_WARN_STRICT_PROTOTYPES = YES;
				CLANG_WARN_SUSPICIOUS_MOVE = YES;
				CLANG_WARN_UNGUARDED_AVAILABILITY = YES_AGGRESSIVE;
				CLANG_WARN_UNREACHABLE_CODE = YES;
				CLANG_WARN__DUPLICATE_METHOD_MATCH = YES;
				COPY_PHASE_STRIP = NO;
				DEAD_CODE_STRIPPING = YES;
				DEBUG_INFORMATION_FORMAT = "dwarf-with-dsym";
				ENABLE_NS_ASSERTIONS = NO;
				ENABLE_STRICT_OBJC_MSGSEND = YES;
				GCC_C_LANGUAGE_STANDARD = gnu11;
				GCC_NO_COMMON_BLOCKS = YES;
				GCC_WARN_64_TO_32_BIT_CONVERSION = YES;
				GCC_WARN_ABOUT_RETURN_TYPE = YES_ERROR;
				GCC_WARN_UNDECLARED_SELECTOR = YES;
				GCC_WARN_UNINITIALIZED_AUTOS = YES_AGGRESSIVE;
				GCC_WARN_UNUSED_FUNCTION = YES;
				GCC_WARN_UNUSED_VARIABLE = YES;
				MACOSX_DEPLOYMENT_TARGET = 11.0;
				MTL_ENABLE_DEBUG_INFO = NO;
				MTL_FAST_MATH = YES;
				SDKROOT = macosx;
				SWIFT_COMPILATION_MODE = wholemodule;
				SWIFT_OPTIMIZATION_LEVEL = "-O";
			};
			name = Release;
		};
		F47D07E624C4104600E44A22 /* Debug */ = {
			isa = XCBuildConfiguration;
			buildSettings = {
				ALWAYS_EMBED_SWIFT_STANDARD_LIBRARIES = YES;
				ASSETCATALOG_COMPILER_APPICON_NAME = AppIcon;
				CODE_SIGN_ENTITLEMENTS = CameraController/Resources/CameraController.entitlements;
				CODE_SIGN_IDENTITY = "Apple Development";
				CODE_SIGN_STYLE = Automatic;
				COMBINE_HIDPI_IMAGES = YES;
				CURRENT_PROJECT_VERSION = 10;
				DEAD_CODE_STRIPPING = YES;
				DEVELOPMENT_ASSET_PATHS = "\"CameraController/Preview Content\"";
				DEVELOPMENT_TEAM = PY9WJ3M9MW;
				ENABLE_HARDENED_RUNTIME = YES;
				ENABLE_PREVIEWS = YES;
				INFOPLIST_FILE = CameraController/Resources/Info.plist;
				LD_RUNPATH_SEARCH_PATHS = (
					"$(inherited)",
					"@executable_path/../Frameworks",
				);
				MACOSX_DEPLOYMENT_TARGET = 12.0;
				MARKETING_VERSION = 2.0.0;
				PRODUCT_BUNDLE_IDENTIFIER = com.itaysoft.CameraController;
				PRODUCT_NAME = "$(TARGET_NAME)";
				PROVISIONING_PROFILE_SPECIFIER = "";
				SWIFT_VERSION = 5.0;
			};
			name = Debug;
		};
		F47D07E724C4104600E44A22 /* Release */ = {
			isa = XCBuildConfiguration;
			buildSettings = {
				ALWAYS_EMBED_SWIFT_STANDARD_LIBRARIES = YES;
				ASSETCATALOG_COMPILER_APPICON_NAME = AppIcon;
				CODE_SIGN_ENTITLEMENTS = CameraController/Resources/CameraController.entitlements;
				CODE_SIGN_IDENTITY = "Apple Development";
				CODE_SIGN_STYLE = Automatic;
				COMBINE_HIDPI_IMAGES = YES;
				CURRENT_PROJECT_VERSION = 10;
				DEAD_CODE_STRIPPING = YES;
				DEVELOPMENT_ASSET_PATHS = "\"CameraController/Preview Content\"";
				DEVELOPMENT_TEAM = PY9WJ3M9MW;
				ENABLE_HARDENED_RUNTIME = YES;
				ENABLE_PREVIEWS = YES;
				GCC_OPTIMIZATION_LEVEL = s;
				INFOPLIST_FILE = CameraController/Resources/Info.plist;
				LD_RUNPATH_SEARCH_PATHS = (
					"$(inherited)",
					"@executable_path/../Frameworks",
				);
				MACOSX_DEPLOYMENT_TARGET = 12.0;
				MARKETING_VERSION = 2.0.0;
				PRODUCT_BUNDLE_IDENTIFIER = com.itaysoft.CameraController;
				PRODUCT_NAME = "$(TARGET_NAME)";
				PROVISIONING_PROFILE_SPECIFIER = "";
				SWIFT_OPTIMIZATION_LEVEL = "-Onone";
				SWIFT_VERSION = 5.0;
			};
			name = Release;
		};
		F47D07E924C4104600E44A22 /* Debug */ = {
			isa = XCBuildConfiguration;
			buildSettings = {
				ALWAYS_EMBED_SWIFT_STANDARD_LIBRARIES = YES;
				BUNDLE_LOADER = "$(TEST_HOST)";
				CODE_SIGN_STYLE = Automatic;
				COMBINE_HIDPI_IMAGES = YES;
				DEAD_CODE_STRIPPING = YES;
				DEVELOPMENT_TEAM = PY9WJ3M9MW;
				INFOPLIST_FILE = CameraControllerTests/Info.plist;
				LD_RUNPATH_SEARCH_PATHS = (
					"$(inherited)",
					"@executable_path/../Frameworks",
					"@loader_path/../Frameworks",
				);
				MACOSX_DEPLOYMENT_TARGET = 12.0;
				PRODUCT_BUNDLE_IDENTIFIER = com.itaysoft.CameraControllerTests;
				PRODUCT_NAME = "$(TARGET_NAME)";
				SWIFT_VERSION = 5.0;
				TEST_HOST = "$(BUILT_PRODUCTS_DIR)/CameraController.app/Contents/MacOS/CameraController";
			};
			name = Debug;
		};
		F47D07EA24C4104600E44A22 /* Release */ = {
			isa = XCBuildConfiguration;
			buildSettings = {
				ALWAYS_EMBED_SWIFT_STANDARD_LIBRARIES = YES;
				BUNDLE_LOADER = "$(TEST_HOST)";
				CODE_SIGN_STYLE = Automatic;
				COMBINE_HIDPI_IMAGES = YES;
				DEAD_CODE_STRIPPING = YES;
				DEVELOPMENT_TEAM = PY9WJ3M9MW;
				INFOPLIST_FILE = CameraControllerTests/Info.plist;
				LD_RUNPATH_SEARCH_PATHS = (
					"$(inherited)",
					"@executable_path/../Frameworks",
					"@loader_path/../Frameworks",
				);
				MACOSX_DEPLOYMENT_TARGET = 12.0;
				PRODUCT_BUNDLE_IDENTIFIER = com.itaysoft.CameraControllerTests;
				PRODUCT_NAME = "$(TARGET_NAME)";
				SWIFT_VERSION = 5.0;
				TEST_HOST = "$(BUILT_PRODUCTS_DIR)/CameraController.app/Contents/MacOS/CameraController";
			};
			name = Release;
		};
		F4D4C6F224CBE7A200581E05 /* Debug */ = {
			isa = XCBuildConfiguration;
			buildSettings = {
				ASSETCATALOG_COMPILER_APPICON_NAME = AppIcon;
				CODE_SIGN_ENTITLEMENTS = Helper/Helper.entitlements;
				CODE_SIGN_IDENTITY = "Apple Development";
				CODE_SIGN_STYLE = Automatic;
				COMBINE_HIDPI_IMAGES = YES;
				CURRENT_PROJECT_VERSION = 10;
				DEAD_CODE_STRIPPING = YES;
				DEVELOPMENT_ASSET_PATHS = "\"Helper/Preview Content\"";
				DEVELOPMENT_TEAM = PY9WJ3M9MW;
				ENABLE_HARDENED_RUNTIME = YES;
				ENABLE_PREVIEWS = YES;
				INFOPLIST_FILE = Helper/Info.plist;
				LD_RUNPATH_SEARCH_PATHS = (
					"$(inherited)",
					"@executable_path/../Frameworks",
				);
				MACOSX_DEPLOYMENT_TARGET = 12.0;
				MARKETING_VERSION = 2.0.0;
				PRODUCT_BUNDLE_IDENTIFIER = com.itaysoft.CameraController.Helper;
				PRODUCT_NAME = "$(TARGET_NAME)";
				PROVISIONING_PROFILE_SPECIFIER = "";
				SKIP_INSTALL = YES;
				SWIFT_VERSION = 5.0;
			};
			name = Debug;
		};
		F4D4C6F324CBE7A200581E05 /* Release */ = {
			isa = XCBuildConfiguration;
			buildSettings = {
				ASSETCATALOG_COMPILER_APPICON_NAME = AppIcon;
				CODE_SIGN_ENTITLEMENTS = Helper/Helper.entitlements;
				CODE_SIGN_IDENTITY = "Apple Development";
				CODE_SIGN_STYLE = Automatic;
				COMBINE_HIDPI_IMAGES = YES;
				CURRENT_PROJECT_VERSION = 10;
				DEAD_CODE_STRIPPING = YES;
				DEVELOPMENT_ASSET_PATHS = "\"Helper/Preview Content\"";
				DEVELOPMENT_TEAM = PY9WJ3M9MW;
				ENABLE_HARDENED_RUNTIME = YES;
				ENABLE_PREVIEWS = YES;
				INFOPLIST_FILE = Helper/Info.plist;
				LD_RUNPATH_SEARCH_PATHS = (
					"$(inherited)",
					"@executable_path/../Frameworks",
				);
				MACOSX_DEPLOYMENT_TARGET = 12.0;
				MARKETING_VERSION = 2.0.0;
				PRODUCT_BUNDLE_IDENTIFIER = com.itaysoft.CameraController.Helper;
				PRODUCT_NAME = "$(TARGET_NAME)";
				PROVISIONING_PROFILE_SPECIFIER = "";
				SKIP_INSTALL = YES;
				SWIFT_VERSION = 5.0;
			};
			name = Release;
		};
/* End XCBuildConfiguration section */

/* Begin XCConfigurationList section */
		F4508AD52A43E477003C44F1 /* Build configuration list for PBXNativeTarget "UVC" */ = {
			isa = XCConfigurationList;
			buildConfigurations = (
				F4508AD62A43E477003C44F1 /* Debug */,
				F4508AD72A43E477003C44F1 /* Release */,
			);
			defaultConfigurationIsVisible = 0;
			defaultConfigurationName = Release;
		};
		F47D07BF24C4104300E44A22 /* Build configuration list for PBXProject "CameraController" */ = {
			isa = XCConfigurationList;
			buildConfigurations = (
				F47D07E324C4104600E44A22 /* Debug */,
				F47D07E424C4104600E44A22 /* Release */,
			);
			defaultConfigurationIsVisible = 0;
			defaultConfigurationName = Release;
		};
		F47D07E524C4104600E44A22 /* Build configuration list for PBXNativeTarget "CameraController" */ = {
			isa = XCConfigurationList;
			buildConfigurations = (
				F47D07E624C4104600E44A22 /* Debug */,
				F47D07E724C4104600E44A22 /* Release */,
			);
			defaultConfigurationIsVisible = 0;
			defaultConfigurationName = Release;
		};
		F47D07E824C4104600E44A22 /* Build configuration list for PBXNativeTarget "CameraControllerTests" */ = {
			isa = XCConfigurationList;
			buildConfigurations = (
				F47D07E924C4104600E44A22 /* Debug */,
				F47D07EA24C4104600E44A22 /* Release */,
			);
			defaultConfigurationIsVisible = 0;
			defaultConfigurationName = Release;
		};
		F4D4C6F124CBE7A200581E05 /* Build configuration list for PBXNativeTarget "Helper" */ = {
			isa = XCConfigurationList;
			buildConfigurations = (
				F4D4C6F224CBE7A200581E05 /* Debug */,
				F4D4C6F324CBE7A200581E05 /* Release */,
			);
			defaultConfigurationIsVisible = 0;
			defaultConfigurationName = Release;
		};
/* End XCConfigurationList section */

/* Begin XCRemoteSwiftPackageReference section */
		F49FA8232A43BE5D0043E0E1 /* XCRemoteSwiftPackageReference "Sparkle" */ = {
			isa = XCRemoteSwiftPackageReference;
			repositoryURL = "https://github.com/sparkle-project/Sparkle";
			requirement = {
				kind = upToNextMajorVersion;
				minimumVersion = 2.0.0;
			};
		};
/* End XCRemoteSwiftPackageReference section */

/* Begin XCSwiftPackageProductDependency section */
		F49FA8242A43BE5D0043E0E1 /* Sparkle */ = {
			isa = XCSwiftPackageProductDependency;
			package = F49FA8232A43BE5D0043E0E1 /* XCRemoteSwiftPackageReference "Sparkle" */;
			productName = Sparkle;
		};
/* End XCSwiftPackageProductDependency section */
	};
	rootObject = F47D07BC24C4104300E44A22 /* Project object */;
}
